// !$*UTF8*$!
{
	archiveVersion = 1;
	classes = {
	};
	objectVersion = 53;
	objects = {

/* Begin PBXBuildFile section */
		84DC67F428BDC7E3006BCEB0 /* AppDelegate.swift in Sources */ = {isa = PBXBuildFile; fileRef = 84DC67F328BDC7E3006BCEB0 /* AppDelegate.swift */; };
		84DC67F628BDC7E3006BCEB0 /* SceneDelegate.swift in Sources */ = {isa = PBXBuildFile; fileRef = 84DC67F528BDC7E3006BCEB0 /* SceneDelegate.swift */; };
		84DC67F828BDC7E3006BCEB0 /* ListCurrenciesViewController.swift in Sources */ = {isa = PBXBuildFile; fileRef = 84DC67F728BDC7E3006BCEB0 /* ListCurrenciesViewController.swift */; };
		84DC67FD28BDC7E4006BCEB0 /* Assets.xcassets in Resources */ = {isa = PBXBuildFile; fileRef = 84DC67FC28BDC7E4006BCEB0 /* Assets.xcassets */; };
		84DC680028BDC7E4006BCEB0 /* LaunchScreen.storyboard in Resources */ = {isa = PBXBuildFile; fileRef = 84DC67FE28BDC7E4006BCEB0 /* LaunchScreen.storyboard */; };
		84DC680F28BDD11C006BCEB0 /* TabBarAssembly.swift in Sources */ = {isa = PBXBuildFile; fileRef = 84DC680E28BDD11C006BCEB0 /* TabBarAssembly.swift */; };
		84DC681128BDD171006BCEB0 /* FavoriteCurrenciesViewController.swift in Sources */ = {isa = PBXBuildFile; fileRef = 84DC681028BDD171006BCEB0 /* FavoriteCurrenciesViewController.swift */; };
		84DC681328BDD18F006BCEB0 /* CurrencyConverterViewController.swift in Sources */ = {isa = PBXBuildFile; fileRef = 84DC681228BDD18F006BCEB0 /* CurrencyConverterViewController.swift */; };
		84DC681528BDD1A5006BCEB0 /* CurrencySelectionViewController.swift in Sources */ = {isa = PBXBuildFile; fileRef = 84DC681428BDD1A5006BCEB0 /* CurrencySelectionViewController.swift */; };
		84DC681728BDE209006BCEB0 /* ListCurrenciesPresenter.swift in Sources */ = {isa = PBXBuildFile; fileRef = 84DC681628BDE209006BCEB0 /* ListCurrenciesPresenter.swift */; };
		84DC681928BDE34D006BCEB0 /* ListCurrenciesAssembly.swift in Sources */ = {isa = PBXBuildFile; fileRef = 84DC681828BDE34D006BCEB0 /* ListCurrenciesAssembly.swift */; };
		84DC681B28BDE80D006BCEB0 /* ListCurrenciesCell.swift in Sources */ = {isa = PBXBuildFile; fileRef = 84DC681A28BDE80D006BCEB0 /* ListCurrenciesCell.swift */; };
		84DC681D28BDEBE5006BCEB0 /* ListCurrencyViewModel.swift in Sources */ = {isa = PBXBuildFile; fileRef = 84DC681C28BDEBE5006BCEB0 /* ListCurrencyViewModel.swift */; };
		84DC681F28BDF616006BCEB0 /* NetworkService.swift in Sources */ = {isa = PBXBuildFile; fileRef = 84DC681E28BDF616006BCEB0 /* NetworkService.swift */; };
		84DC682128BE3052006BCEB0 /* CurrencyConverterPresenter.swift in Sources */ = {isa = PBXBuildFile; fileRef = 84DC682028BE3052006BCEB0 /* CurrencyConverterPresenter.swift */; };
		84DC682328BE309B006BCEB0 /* CurrencyConverterAssembly.swift in Sources */ = {isa = PBXBuildFile; fileRef = 84DC682228BE309B006BCEB0 /* CurrencyConverterAssembly.swift */; };
		84DC682528BE56C3006BCEB0 /* CurrencyConverterCell.swift in Sources */ = {isa = PBXBuildFile; fileRef = 84DC682428BE56C3006BCEB0 /* CurrencyConverterCell.swift */; };
		84DC682828BF68A9006BCEB0 /* NetworkError.swift in Sources */ = {isa = PBXBuildFile; fileRef = 84DC682728BF68A9006BCEB0 /* NetworkError.swift */; };
		84DC682A28BF68BE006BCEB0 /* CRBApiModel.swift in Sources */ = {isa = PBXBuildFile; fileRef = 84DC682928BF68BE006BCEB0 /* CRBApiModel.swift */; };
		84DC682C28BF68DA006BCEB0 /* CRBRequest.swift in Sources */ = {isa = PBXBuildFile; fileRef = 84DC682B28BF68DA006BCEB0 /* CRBRequest.swift */; };
		84DC682E28BF68F4006BCEB0 /* Logger.swift in Sources */ = {isa = PBXBuildFile; fileRef = 84DC682D28BF68F4006BCEB0 /* Logger.swift */; };
		84DC683028BF6923006BCEB0 /* CRBParser.swift in Sources */ = {isa = PBXBuildFile; fileRef = 84DC682F28BF6923006BCEB0 /* CRBParser.swift */; };
		84DC683228BF693A006BCEB0 /* RequestSender.swift in Sources */ = {isa = PBXBuildFile; fileRef = 84DC683128BF693A006BCEB0 /* RequestSender.swift */; };
		84DC683428BF6C44006BCEB0 /* ListCurrenciesInteractor.swift in Sources */ = {isa = PBXBuildFile; fileRef = 84DC683328BF6C44006BCEB0 /* ListCurrenciesInteractor.swift */; };
		84DC683728C0BAE7006BCEB0 /* CoreDataStorage.swift in Sources */ = {isa = PBXBuildFile; fileRef = 84DC683628C0BAE7006BCEB0 /* CoreDataStorage.swift */; };
		84DC683C28C0BD33006BCEB0 /* CurrencyConverter.xcdatamodeld in Sources */ = {isa = PBXBuildFile; fileRef = 84DC683A28C0BD33006BCEB0 /* CurrencyConverter.xcdatamodeld */; };
		84DC683F28C0BE4C006BCEB0 /* CurrencyEntity+CoreDataClass.swift in Sources */ = {isa = PBXBuildFile; fileRef = 84DC683D28C0BE4C006BCEB0 /* CurrencyEntity+CoreDataClass.swift */; };
		84DC684028C0BE4C006BCEB0 /* CurrencyEntity+CoreDataProperties.swift in Sources */ = {isa = PBXBuildFile; fileRef = 84DC683E28C0BE4C006BCEB0 /* CurrencyEntity+CoreDataProperties.swift */; };
		84DC684528C1AABF006BCEB0 /* CurrencySelectionPresenter.swift in Sources */ = {isa = PBXBuildFile; fileRef = 84DC684428C1AABF006BCEB0 /* CurrencySelectionPresenter.swift */; };
		84DC684728C1AB8C006BCEB0 /* CurrencySelectionAssembly.swift in Sources */ = {isa = PBXBuildFile; fileRef = 84DC684628C1AB8C006BCEB0 /* CurrencySelectionAssembly.swift */; };
		84DC684928C1B111006BCEB0 /* CurrencySelectionCell.swift in Sources */ = {isa = PBXBuildFile; fileRef = 84DC684828C1B111006BCEB0 /* CurrencySelectionCell.swift */; };
		84DC684B28C1B2E0006BCEB0 /* CurrencyConverterRouter.swift in Sources */ = {isa = PBXBuildFile; fileRef = 84DC684A28C1B2E0006BCEB0 /* CurrencyConverterRouter.swift */; };
		84DC684D28C5B1C9006BCEB0 /* CurrencyConverterViewModel.swift in Sources */ = {isa = PBXBuildFile; fileRef = 84DC684C28C5B1C9006BCEB0 /* CurrencyConverterViewModel.swift */; };
/* End PBXBuildFile section */

/* Begin PBXFileReference section */
		84DC67F028BDC7E3006BCEB0 /* CurrencyConverter.app */ = {isa = PBXFileReference; explicitFileType = wrapper.application; includeInIndex = 0; path = CurrencyConverter.app; sourceTree = BUILT_PRODUCTS_DIR; };
		84DC67F328BDC7E3006BCEB0 /* AppDelegate.swift */ = {isa = PBXFileReference; lastKnownFileType = sourcecode.swift; path = AppDelegate.swift; sourceTree = "<group>"; };
		84DC67F528BDC7E3006BCEB0 /* SceneDelegate.swift */ = {isa = PBXFileReference; lastKnownFileType = sourcecode.swift; path = SceneDelegate.swift; sourceTree = "<group>"; };
		84DC67F728BDC7E3006BCEB0 /* ListCurrenciesViewController.swift */ = {isa = PBXFileReference; lastKnownFileType = sourcecode.swift; path = ListCurrenciesViewController.swift; sourceTree = "<group>"; };
		84DC67FC28BDC7E4006BCEB0 /* Assets.xcassets */ = {isa = PBXFileReference; lastKnownFileType = folder.assetcatalog; path = Assets.xcassets; sourceTree = "<group>"; };
		84DC67FF28BDC7E4006BCEB0 /* Base */ = {isa = PBXFileReference; lastKnownFileType = file.storyboard; name = Base; path = Base.lproj/LaunchScreen.storyboard; sourceTree = "<group>"; };
		84DC680128BDC7E4006BCEB0 /* Info.plist */ = {isa = PBXFileReference; lastKnownFileType = text.plist.xml; path = Info.plist; sourceTree = "<group>"; };
		84DC680E28BDD11C006BCEB0 /* TabBarAssembly.swift */ = {isa = PBXFileReference; lastKnownFileType = sourcecode.swift; path = TabBarAssembly.swift; sourceTree = "<group>"; };
		84DC681028BDD171006BCEB0 /* FavoriteCurrenciesViewController.swift */ = {isa = PBXFileReference; lastKnownFileType = sourcecode.swift; path = FavoriteCurrenciesViewController.swift; sourceTree = "<group>"; };
		84DC681228BDD18F006BCEB0 /* CurrencyConverterViewController.swift */ = {isa = PBXFileReference; lastKnownFileType = sourcecode.swift; path = CurrencyConverterViewController.swift; sourceTree = "<group>"; };
		84DC681428BDD1A5006BCEB0 /* CurrencySelectionViewController.swift */ = {isa = PBXFileReference; lastKnownFileType = sourcecode.swift; path = CurrencySelectionViewController.swift; sourceTree = "<group>"; };
		84DC681628BDE209006BCEB0 /* ListCurrenciesPresenter.swift */ = {isa = PBXFileReference; lastKnownFileType = sourcecode.swift; path = ListCurrenciesPresenter.swift; sourceTree = "<group>"; };
		84DC681828BDE34D006BCEB0 /* ListCurrenciesAssembly.swift */ = {isa = PBXFileReference; lastKnownFileType = sourcecode.swift; path = ListCurrenciesAssembly.swift; sourceTree = "<group>"; };
		84DC681A28BDE80D006BCEB0 /* ListCurrenciesCell.swift */ = {isa = PBXFileReference; lastKnownFileType = sourcecode.swift; path = ListCurrenciesCell.swift; sourceTree = "<group>"; };
		84DC681C28BDEBE5006BCEB0 /* ListCurrencyViewModel.swift */ = {isa = PBXFileReference; lastKnownFileType = sourcecode.swift; path = ListCurrencyViewModel.swift; sourceTree = "<group>"; };
		84DC681E28BDF616006BCEB0 /* NetworkService.swift */ = {isa = PBXFileReference; lastKnownFileType = sourcecode.swift; path = NetworkService.swift; sourceTree = "<group>"; };
		84DC682028BE3052006BCEB0 /* CurrencyConverterPresenter.swift */ = {isa = PBXFileReference; lastKnownFileType = sourcecode.swift; path = CurrencyConverterPresenter.swift; sourceTree = "<group>"; };
		84DC682228BE309B006BCEB0 /* CurrencyConverterAssembly.swift */ = {isa = PBXFileReference; lastKnownFileType = sourcecode.swift; path = CurrencyConverterAssembly.swift; sourceTree = "<group>"; };
		84DC682428BE56C3006BCEB0 /* CurrencyConverterCell.swift */ = {isa = PBXFileReference; lastKnownFileType = sourcecode.swift; path = CurrencyConverterCell.swift; sourceTree = "<group>"; };
		84DC682728BF68A9006BCEB0 /* NetworkError.swift */ = {isa = PBXFileReference; lastKnownFileType = sourcecode.swift; path = NetworkError.swift; sourceTree = "<group>"; };
		84DC682928BF68BE006BCEB0 /* CRBApiModel.swift */ = {isa = PBXFileReference; lastKnownFileType = sourcecode.swift; path = CRBApiModel.swift; sourceTree = "<group>"; };
		84DC682B28BF68DA006BCEB0 /* CRBRequest.swift */ = {isa = PBXFileReference; lastKnownFileType = sourcecode.swift; path = CRBRequest.swift; sourceTree = "<group>"; };
		84DC682D28BF68F4006BCEB0 /* Logger.swift */ = {isa = PBXFileReference; lastKnownFileType = sourcecode.swift; path = Logger.swift; sourceTree = "<group>"; };
		84DC682F28BF6923006BCEB0 /* CRBParser.swift */ = {isa = PBXFileReference; lastKnownFileType = sourcecode.swift; path = CRBParser.swift; sourceTree = "<group>"; };
		84DC683128BF693A006BCEB0 /* RequestSender.swift */ = {isa = PBXFileReference; lastKnownFileType = sourcecode.swift; path = RequestSender.swift; sourceTree = "<group>"; };
		84DC683328BF6C44006BCEB0 /* ListCurrenciesInteractor.swift */ = {isa = PBXFileReference; lastKnownFileType = sourcecode.swift; path = ListCurrenciesInteractor.swift; sourceTree = "<group>"; };
		84DC683628C0BAE7006BCEB0 /* CoreDataStorage.swift */ = {isa = PBXFileReference; lastKnownFileType = sourcecode.swift; path = CoreDataStorage.swift; sourceTree = "<group>"; };
		84DC683B28C0BD33006BCEB0 /* CurrencyConverter.xcdatamodel */ = {isa = PBXFileReference; lastKnownFileType = wrapper.xcdatamodel; path = CurrencyConverter.xcdatamodel; sourceTree = "<group>"; };
		84DC683D28C0BE4C006BCEB0 /* CurrencyEntity+CoreDataClass.swift */ = {isa = PBXFileReference; lastKnownFileType = sourcecode.swift; path = "CurrencyEntity+CoreDataClass.swift"; sourceTree = "<group>"; };
		84DC683E28C0BE4C006BCEB0 /* CurrencyEntity+CoreDataProperties.swift */ = {isa = PBXFileReference; lastKnownFileType = sourcecode.swift; path = "CurrencyEntity+CoreDataProperties.swift"; sourceTree = "<group>"; };
		84DC684428C1AABF006BCEB0 /* CurrencySelectionPresenter.swift */ = {isa = PBXFileReference; lastKnownFileType = sourcecode.swift; path = CurrencySelectionPresenter.swift; sourceTree = "<group>"; };
		84DC684628C1AB8C006BCEB0 /* CurrencySelectionAssembly.swift */ = {isa = PBXFileReference; lastKnownFileType = sourcecode.swift; path = CurrencySelectionAssembly.swift; sourceTree = "<group>"; };
		84DC684828C1B111006BCEB0 /* CurrencySelectionCell.swift */ = {isa = PBXFileReference; lastKnownFileType = sourcecode.swift; path = CurrencySelectionCell.swift; sourceTree = "<group>"; };
		84DC684A28C1B2E0006BCEB0 /* CurrencyConverterRouter.swift */ = {isa = PBXFileReference; lastKnownFileType = sourcecode.swift; path = CurrencyConverterRouter.swift; sourceTree = "<group>"; };
		84DC684C28C5B1C9006BCEB0 /* CurrencyConverterViewModel.swift */ = {isa = PBXFileReference; lastKnownFileType = sourcecode.swift; path = CurrencyConverterViewModel.swift; sourceTree = "<group>"; };
/* End PBXFileReference section */

/* Begin PBXFrameworksBuildPhase section */
		84DC67ED28BDC7E3006BCEB0 /* Frameworks */ = {
			isa = PBXFrameworksBuildPhase;
			buildActionMask = 2147483647;
			files = (
			);
			runOnlyForDeploymentPostprocessing = 0;
		};
/* End PBXFrameworksBuildPhase section */

/* Begin PBXGroup section */
		84DC67E728BDC7E3006BCEB0 = {
			isa = PBXGroup;
			children = (
				84DC67F228BDC7E3006BCEB0 /* CurrencyConverter */,
				84DC67F128BDC7E3006BCEB0 /* Products */,
			);
			sourceTree = "<group>";
		};
		84DC67F128BDC7E3006BCEB0 /* Products */ = {
			isa = PBXGroup;
			children = (
				84DC67F028BDC7E3006BCEB0 /* CurrencyConverter.app */,
			);
			name = Products;
			sourceTree = "<group>";
		};
		84DC67F228BDC7E3006BCEB0 /* CurrencyConverter */ = {
			isa = PBXGroup;
			children = (
				84DC680728BDCE85006BCEB0 /* Application */,
				84DC683528C0BAC7006BCEB0 /* StorageService */,
				84DC682628BF688B006BCEB0 /* NetworkService */,
				84DC680928BDCED1006BCEB0 /* Moduls */,
				84DC680828BDCE9A006BCEB0 /* Resources */,
				84DC681E28BDF616006BCEB0 /* NetworkService.swift */,
			);
			path = CurrencyConverter;
			sourceTree = "<group>";
		};
		84DC680728BDCE85006BCEB0 /* Application */ = {
			isa = PBXGroup;
			children = (
				84DC67F328BDC7E3006BCEB0 /* AppDelegate.swift */,
				84DC67F528BDC7E3006BCEB0 /* SceneDelegate.swift */,
			);
			path = Application;
			sourceTree = "<group>";
		};
		84DC680828BDCE9A006BCEB0 /* Resources */ = {
			isa = PBXGroup;
			children = (
				84DC67FC28BDC7E4006BCEB0 /* Assets.xcassets */,
				84DC67FE28BDC7E4006BCEB0 /* LaunchScreen.storyboard */,
				84DC680128BDC7E4006BCEB0 /* Info.plist */,
				84DC683A28C0BD33006BCEB0 /* CurrencyConverter.xcdatamodeld */,
			);
			path = Resources;
			sourceTree = "<group>";
		};
		84DC680928BDCED1006BCEB0 /* Moduls */ = {
			isa = PBXGroup;
			children = (
				84DC680E28BDD11C006BCEB0 /* TabBarAssembly.swift */,
				84DC680A28BDCEFB006BCEB0 /* ListCurrencies */,
				84DC680C28BDD003006BCEB0 /* CurrencyConverter */,
				84DC680D28BDD067006BCEB0 /* CurrencySelection */,
				84DC680B28BDCF16006BCEB0 /* FavoriteCurrencies */,
			);
			path = Moduls;
			sourceTree = "<group>";
		};
		84DC680A28BDCEFB006BCEB0 /* ListCurrencies */ = {
			isa = PBXGroup;
			children = (
				84DC67F728BDC7E3006BCEB0 /* ListCurrenciesViewController.swift */,
				84DC681A28BDE80D006BCEB0 /* ListCurrenciesCell.swift */,
				84DC681C28BDEBE5006BCEB0 /* ListCurrencyViewModel.swift */,
				84DC681628BDE209006BCEB0 /* ListCurrenciesPresenter.swift */,
				84DC683328BF6C44006BCEB0 /* ListCurrenciesInteractor.swift */,
				84DC681828BDE34D006BCEB0 /* ListCurrenciesAssembly.swift */,
			);
			path = ListCurrencies;
			sourceTree = "<group>";
		};
		84DC680B28BDCF16006BCEB0 /* FavoriteCurrencies */ = {
			isa = PBXGroup;
			children = (
				84DC681028BDD171006BCEB0 /* FavoriteCurrenciesViewController.swift */,
			);
			path = FavoriteCurrencies;
			sourceTree = "<group>";
		};
		84DC680C28BDD003006BCEB0 /* CurrencyConverter */ = {
			isa = PBXGroup;
			children = (
				84DC681228BDD18F006BCEB0 /* CurrencyConverterViewController.swift */,
				84DC684C28C5B1C9006BCEB0 /* CurrencyConverterViewModel.swift */,
				84DC682428BE56C3006BCEB0 /* CurrencyConverterCell.swift */,
				84DC682028BE3052006BCEB0 /* CurrencyConverterPresenter.swift */,
				84DC684A28C1B2E0006BCEB0 /* CurrencyConverterRouter.swift */,
				84DC682228BE309B006BCEB0 /* CurrencyConverterAssembly.swift */,
			);
			path = CurrencyConverter;
			sourceTree = "<group>";
		};
		84DC680D28BDD067006BCEB0 /* CurrencySelection */ = {
			isa = PBXGroup;
			children = (
				84DC681428BDD1A5006BCEB0 /* CurrencySelectionViewController.swift */,
				84DC684828C1B111006BCEB0 /* CurrencySelectionCell.swift */,
				84DC684428C1AABF006BCEB0 /* CurrencySelectionPresenter.swift */,
				84DC684628C1AB8C006BCEB0 /* CurrencySelectionAssembly.swift */,
			);
			path = CurrencySelection;
			sourceTree = "<group>";
		};
		84DC682628BF688B006BCEB0 /* NetworkService */ = {
			isa = PBXGroup;
			children = (
				84DC682728BF68A9006BCEB0 /* NetworkError.swift */,
				84DC682928BF68BE006BCEB0 /* CRBApiModel.swift */,
				84DC682B28BF68DA006BCEB0 /* CRBRequest.swift */,
				84DC682D28BF68F4006BCEB0 /* Logger.swift */,
				84DC682F28BF6923006BCEB0 /* CRBParser.swift */,
				84DC683128BF693A006BCEB0 /* RequestSender.swift */,
			);
			path = NetworkService;
			sourceTree = "<group>";
		};
		84DC683528C0BAC7006BCEB0 /* StorageService */ = {
			isa = PBXGroup;
			children = (
				84DC683D28C0BE4C006BCEB0 /* CurrencyEntity+CoreDataClass.swift */,
				84DC683E28C0BE4C006BCEB0 /* CurrencyEntity+CoreDataProperties.swift */,
				84DC683628C0BAE7006BCEB0 /* CoreDataStorage.swift */,
			);
			path = StorageService;
			sourceTree = "<group>";
		};
/* End PBXGroup section */

/* Begin PBXNativeTarget section */
		84DC67EF28BDC7E3006BCEB0 /* CurrencyConverter */ = {
			isa = PBXNativeTarget;
			buildConfigurationList = 84DC680428BDC7E4006BCEB0 /* Build configuration list for PBXNativeTarget "CurrencyConverter" */;
			buildPhases = (
				84DC67EC28BDC7E3006BCEB0 /* Sources */,
				84DC67ED28BDC7E3006BCEB0 /* Frameworks */,
				84DC67EE28BDC7E3006BCEB0 /* Resources */,
			);
			buildRules = (
			);
			dependencies = (
			);
			name = CurrencyConverter;
			productName = CurrencyConverter;
			productReference = 84DC67F028BDC7E3006BCEB0 /* CurrencyConverter.app */;
			productType = "com.apple.product-type.application";
		};
/* End PBXNativeTarget section */

/* Begin PBXProject section */
		84DC67E828BDC7E3006BCEB0 /* Project object */ = {
			isa = PBXProject;
			attributes = {
				BuildIndependentTargetsInParallel = 1;
				LastSwiftUpdateCheck = 1330;
				LastUpgradeCheck = 1330;
				TargetAttributes = {
					84DC67EF28BDC7E3006BCEB0 = {
						CreatedOnToolsVersion = 13.3.1;
					};
				};
			};
			buildConfigurationList = 84DC67EB28BDC7E3006BCEB0 /* Build configuration list for PBXProject "CurrencyConverter" */;
			compatibilityVersion = "Xcode 3.1";
			developmentRegion = en;
			hasScannedForEncodings = 0;
			knownRegions = (
				en,
				Base,
			);
			mainGroup = 84DC67E728BDC7E3006BCEB0;
			productRefGroup = 84DC67F128BDC7E3006BCEB0 /* Products */;
			projectDirPath = "";
			projectRoot = "";
			targets = (
				84DC67EF28BDC7E3006BCEB0 /* CurrencyConverter */,
			);
		};
/* End PBXProject section */

/* Begin PBXResourcesBuildPhase section */
		84DC67EE28BDC7E3006BCEB0 /* Resources */ = {
			isa = PBXResourcesBuildPhase;
			buildActionMask = 2147483647;
			files = (
				84DC680028BDC7E4006BCEB0 /* LaunchScreen.storyboard in Resources */,
				84DC67FD28BDC7E4006BCEB0 /* Assets.xcassets in Resources */,
			);
			runOnlyForDeploymentPostprocessing = 0;
		};
/* End PBXResourcesBuildPhase section */

/* Begin PBXSourcesBuildPhase section */
		84DC67EC28BDC7E3006BCEB0 /* Sources */ = {
			isa = PBXSourcesBuildPhase;
			buildActionMask = 2147483647;
			files = (
				84DC681328BDD18F006BCEB0 /* CurrencyConverterViewController.swift in Sources */,
				84DC681F28BDF616006BCEB0 /* NetworkService.swift in Sources */,
				84DC67F828BDC7E3006BCEB0 /* ListCurrenciesViewController.swift in Sources */,
				84DC681528BDD1A5006BCEB0 /* CurrencySelectionViewController.swift in Sources */,
				84DC67F428BDC7E3006BCEB0 /* AppDelegate.swift in Sources */,
				84DC684928C1B111006BCEB0 /* CurrencySelectionCell.swift in Sources */,
				84DC683028BF6923006BCEB0 /* CRBParser.swift in Sources */,
				84DC683F28C0BE4C006BCEB0 /* CurrencyEntity+CoreDataClass.swift in Sources */,
				84DC684D28C5B1C9006BCEB0 /* CurrencyConverterViewModel.swift in Sources */,
				84DC683728C0BAE7006BCEB0 /* CoreDataStorage.swift in Sources */,
				84DC682828BF68A9006BCEB0 /* NetworkError.swift in Sources */,
				84DC684728C1AB8C006BCEB0 /* CurrencySelectionAssembly.swift in Sources */,
				84DC684028C0BE4C006BCEB0 /* CurrencyEntity+CoreDataProperties.swift in Sources */,
				84DC67F628BDC7E3006BCEB0 /* SceneDelegate.swift in Sources */,
				84DC682C28BF68DA006BCEB0 /* CRBRequest.swift in Sources */,
				84DC683428BF6C44006BCEB0 /* ListCurrenciesInteractor.swift in Sources */,
				84DC681B28BDE80D006BCEB0 /* ListCurrenciesCell.swift in Sources */,
				84DC681728BDE209006BCEB0 /* ListCurrenciesPresenter.swift in Sources */,
				84DC680F28BDD11C006BCEB0 /* TabBarAssembly.swift in Sources */,
				84DC684528C1AABF006BCEB0 /* CurrencySelectionPresenter.swift in Sources */,
				84DC682328BE309B006BCEB0 /* CurrencyConverterAssembly.swift in Sources */,
				84DC682A28BF68BE006BCEB0 /* CRBApiModel.swift in Sources */,
				84DC682528BE56C3006BCEB0 /* CurrencyConverterCell.swift in Sources */,
				84DC683C28C0BD33006BCEB0 /* CurrencyConverter.xcdatamodeld in Sources */,
				84DC681928BDE34D006BCEB0 /* ListCurrenciesAssembly.swift in Sources */,
				84DC683228BF693A006BCEB0 /* RequestSender.swift in Sources */,
				84DC684B28C1B2E0006BCEB0 /* CurrencyConverterRouter.swift in Sources */,
				84DC682128BE3052006BCEB0 /* CurrencyConverterPresenter.swift in Sources */,
				84DC681D28BDEBE5006BCEB0 /* ListCurrencyViewModel.swift in Sources */,
				84DC682E28BF68F4006BCEB0 /* Logger.swift in Sources */,
				84DC681128BDD171006BCEB0 /* FavoriteCurrenciesViewController.swift in Sources */,
			);
			runOnlyForDeploymentPostprocessing = 0;
		};
/* End PBXSourcesBuildPhase section */

/* Begin PBXVariantGroup section */
		84DC67FE28BDC7E4006BCEB0 /* LaunchScreen.storyboard */ = {
			isa = PBXVariantGroup;
			children = (
				84DC67FF28BDC7E4006BCEB0 /* Base */,
			);
			name = LaunchScreen.storyboard;
			sourceTree = "<group>";
		};
/* End PBXVariantGroup section */

/* Begin XCBuildConfiguration section */
		84DC680228BDC7E4006BCEB0 /* Debug */ = {
			isa = XCBuildConfiguration;
			buildSettings = {
				ALWAYS_SEARCH_USER_PATHS = NO;
				CLANG_ANALYZER_NONNULL = YES;
				CLANG_ANALYZER_NUMBER_OBJECT_CONVERSION = YES_AGGRESSIVE;
				CLANG_CXX_LANGUAGE_STANDARD = "gnu++17";
				CLANG_ENABLE_MODULES = YES;
				CLANG_ENABLE_OBJC_ARC = YES;
				CLANG_ENABLE_OBJC_WEAK = YES;
				CLANG_WARN_BLOCK_CAPTURE_AUTORELEASING = YES;
				CLANG_WARN_BOOL_CONVERSION = YES;
				CLANG_WARN_COMMA = YES;
				CLANG_WARN_CONSTANT_CONVERSION = YES;
				CLANG_WARN_DEPRECATED_OBJC_IMPLEMENTATIONS = YES;
				CLANG_WARN_DIRECT_OBJC_ISA_USAGE = YES_ERROR;
				CLANG_WARN_DOCUMENTATION_COMMENTS = YES;
				CLANG_WARN_EMPTY_BODY = YES;
				CLANG_WARN_ENUM_CONVERSION = YES;
				CLANG_WARN_INFINITE_RECURSION = YES;
				CLANG_WARN_INT_CONVERSION = YES;
				CLANG_WARN_NON_LITERAL_NULL_CONVERSION = YES;
				CLANG_WARN_OBJC_IMPLICIT_RETAIN_SELF = YES;
				CLANG_WARN_OBJC_LITERAL_CONVERSION = YES;
				CLANG_WARN_OBJC_ROOT_CLASS = YES_ERROR;
				CLANG_WARN_QUOTED_INCLUDE_IN_FRAMEWORK_HEADER = YES;
				CLANG_WARN_RANGE_LOOP_ANALYSIS = YES;
				CLANG_WARN_STRICT_PROTOTYPES = YES;
				CLANG_WARN_SUSPICIOUS_MOVE = YES;
				CLANG_WARN_UNGUARDED_AVAILABILITY = YES_AGGRESSIVE;
				CLANG_WARN_UNREACHABLE_CODE = YES;
				CLANG_WARN__DUPLICATE_METHOD_MATCH = YES;
				COPY_PHASE_STRIP = NO;
				DEBUG_INFORMATION_FORMAT = dwarf;
				ENABLE_STRICT_OBJC_MSGSEND = YES;
				ENABLE_TESTABILITY = YES;
				GCC_C_LANGUAGE_STANDARD = gnu11;
				GCC_DYNAMIC_NO_PIC = NO;
				GCC_NO_COMMON_BLOCKS = YES;
				GCC_OPTIMIZATION_LEVEL = 0;
				GCC_PREPROCESSOR_DEFINITIONS = (
					"DEBUG=1",
					"$(inherited)",
				);
				GCC_WARN_64_TO_32_BIT_CONVERSION = YES;
				GCC_WARN_ABOUT_RETURN_TYPE = YES_ERROR;
				GCC_WARN_UNDECLARED_SELECTOR = YES;
				GCC_WARN_UNINITIALIZED_AUTOS = YES_AGGRESSIVE;
				GCC_WARN_UNUSED_FUNCTION = YES;
				GCC_WARN_UNUSED_VARIABLE = YES;
				IPHONEOS_DEPLOYMENT_TARGET = 15.4;
				MTL_ENABLE_DEBUG_INFO = INCLUDE_SOURCE;
				MTL_FAST_MATH = YES;
				ONLY_ACTIVE_ARCH = YES;
				SDKROOT = iphoneos;
				SWIFT_ACTIVE_COMPILATION_CONDITIONS = DEBUG;
				SWIFT_OPTIMIZATION_LEVEL = "-Onone";
			};
			name = Debug;
		};
		84DC680328BDC7E4006BCEB0 /* Release */ = {
			isa = XCBuildConfiguration;
			buildSettings = {
				ALWAYS_SEARCH_USER_PATHS = NO;
				CLANG_ANALYZER_NONNULL = YES;
				CLANG_ANALYZER_NUMBER_OBJECT_CONVERSION = YES_AGGRESSIVE;
				CLANG_CXX_LANGUAGE_STANDARD = "gnu++17";
				CLANG_ENABLE_MODULES = YES;
				CLANG_ENABLE_OBJC_ARC = YES;
				CLANG_ENABLE_OBJC_WEAK = YES;
				CLANG_WARN_BLOCK_CAPTURE_AUTORELEASING = YES;
				CLANG_WARN_BOOL_CONVERSION = YES;
				CLANG_WARN_COMMA = YES;
				CLANG_WARN_CONSTANT_CONVERSION = YES;
				CLANG_WARN_DEPRECATED_OBJC_IMPLEMENTATIONS = YES;
				CLANG_WARN_DIRECT_OBJC_ISA_USAGE = YES_ERROR;
				CLANG_WARN_DOCUMENTATION_COMMENTS = YES;
				CLANG_WARN_EMPTY_BODY = YES;
				CLANG_WARN_ENUM_CONVERSION = YES;
				CLANG_WARN_INFINITE_RECURSION = YES;
				CLANG_WARN_INT_CONVERSION = YES;
				CLANG_WARN_NON_LITERAL_NULL_CONVERSION = YES;
				CLANG_WARN_OBJC_IMPLICIT_RETAIN_SELF = YES;
				CLANG_WARN_OBJC_LITERAL_CONVERSION = YES;
				CLANG_WARN_OBJC_ROOT_CLASS = YES_ERROR;
				CLANG_WARN_QUOTED_INCLUDE_IN_FRAMEWORK_HEADER = YES;
				CLANG_WARN_RANGE_LOOP_ANALYSIS = YES;
				CLANG_WARN_STRICT_PROTOTYPES = YES;
				CLANG_WARN_SUSPICIOUS_MOVE = YES;
				CLANG_WARN_UNGUARDED_AVAILABILITY = YES_AGGRESSIVE;
				CLANG_WARN_UNREACHABLE_CODE = YES;
				CLANG_WARN__DUPLICATE_METHOD_MATCH = YES;
				COPY_PHASE_STRIP = NO;
				DEBUG_INFORMATION_FORMAT = "dwarf-with-dsym";
				ENABLE_NS_ASSERTIONS = NO;
				ENABLE_STRICT_OBJC_MSGSEND = YES;
				GCC_C_LANGUAGE_STANDARD = gnu11;
				GCC_NO_COMMON_BLOCKS = YES;
				GCC_WARN_64_TO_32_BIT_CONVERSION = YES;
				GCC_WARN_ABOUT_RETURN_TYPE = YES_ERROR;
				GCC_WARN_UNDECLARED_SELECTOR = YES;
				GCC_WARN_UNINITIALIZED_AUTOS = YES_AGGRESSIVE;
				GCC_WARN_UNUSED_FUNCTION = YES;
				GCC_WARN_UNUSED_VARIABLE = YES;
				IPHONEOS_DEPLOYMENT_TARGET = 15.4;
				MTL_ENABLE_DEBUG_INFO = NO;
				MTL_FAST_MATH = YES;
				SDKROOT = iphoneos;
				SWIFT_COMPILATION_MODE = wholemodule;
				SWIFT_OPTIMIZATION_LEVEL = "-O";
				VALIDATE_PRODUCT = YES;
			};
			name = Release;
		};
		84DC680528BDC7E4006BCEB0 /* Debug */ = {
			isa = XCBuildConfiguration;
			buildSettings = {
				ASSETCATALOG_COMPILER_APPICON_NAME = AppIcon;
				ASSETCATALOG_COMPILER_GLOBAL_ACCENT_COLOR_NAME = AccentColor;
				CODE_SIGN_STYLE = Automatic;
				CURRENT_PROJECT_VERSION = 1;
				DEVELOPMENT_TEAM = PZRD3MXDYZ;
				GENERATE_INFOPLIST_FILE = YES;
				INFOPLIST_FILE = CurrencyConverter/Resources/Info.plist;
				INFOPLIST_KEY_UIApplicationSupportsIndirectInputEvents = YES;
				INFOPLIST_KEY_UILaunchStoryboardName = LaunchScreen;
				INFOPLIST_KEY_UISupportedInterfaceOrientations_iPad = "UIInterfaceOrientationPortrait UIInterfaceOrientationPortraitUpsideDown UIInterfaceOrientationLandscapeLeft UIInterfaceOrientationLandscapeRight";
				INFOPLIST_KEY_UISupportedInterfaceOrientations_iPhone = "UIInterfaceOrientationPortrait UIInterfaceOrientationLandscapeLeft UIInterfaceOrientationLandscapeRight";
				IPHONEOS_DEPLOYMENT_TARGET = 13.4;
				LD_RUNPATH_SEARCH_PATHS = (
					"$(inherited)",
					"@executable_path/Frameworks",
				);
				MARKETING_VERSION = 1.0;
				PRODUCT_BUNDLE_IDENTIFIER = testPavel.CurrencyConverter;
				PRODUCT_NAME = "$(TARGET_NAME)";
				SWIFT_EMIT_LOC_STRINGS = YES;
				SWIFT_VERSION = 5.0;
				TARGETED_DEVICE_FAMILY = "1,2";
			};
			name = Debug;
		};
		84DC680628BDC7E4006BCEB0 /* Release */ = {
			isa = XCBuildConfiguration;
			buildSettings = {
				ASSETCATALOG_COMPILER_APPICON_NAME = AppIcon;
				ASSETCATALOG_COMPILER_GLOBAL_ACCENT_COLOR_NAME = AccentColor;
				CODE_SIGN_STYLE = Automatic;
				CURRENT_PROJECT_VERSION = 1;
				DEVELOPMENT_TEAM = PZRD3MXDYZ;
				GENERATE_INFOPLIST_FILE = YES;
				INFOPLIST_FILE = CurrencyConverter/Resources/Info.plist;
				INFOPLIST_KEY_UIApplicationSupportsIndirectInputEvents = YES;
				INFOPLIST_KEY_UILaunchStoryboardName = LaunchScreen;
				INFOPLIST_KEY_UISupportedInterfaceOrientations_iPad = "UIInterfaceOrientationPortrait UIInterfaceOrientationPortraitUpsideDown UIInterfaceOrientationLandscapeLeft UIInterfaceOrientationLandscapeRight";
				INFOPLIST_KEY_UISupportedInterfaceOrientations_iPhone = "UIInterfaceOrientationPortrait UIInterfaceOrientationLandscapeLeft UIInterfaceOrientationLandscapeRight";
				IPHONEOS_DEPLOYMENT_TARGET = 13.4;
				LD_RUNPATH_SEARCH_PATHS = (
					"$(inherited)",
					"@executable_path/Frameworks",
				);
				MARKETING_VERSION = 1.0;
				PRODUCT_BUNDLE_IDENTIFIER = testPavel.CurrencyConverter;
				PRODUCT_NAME = "$(TARGET_NAME)";
				SWIFT_EMIT_LOC_STRINGS = YES;
				SWIFT_VERSION = 5.0;
				TARGETED_DEVICE_FAMILY = "1,2";
			};
			name = Release;
		};
/* End XCBuildConfiguration section */

/* Begin XCConfigurationList section */
		84DC67EB28BDC7E3006BCEB0 /* Build configuration list for PBXProject "CurrencyConverter" */ = {
			isa = XCConfigurationList;
			buildConfigurations = (
				84DC680228BDC7E4006BCEB0 /* Debug */,
				84DC680328BDC7E4006BCEB0 /* Release */,
			);
			defaultConfigurationIsVisible = 0;
			defaultConfigurationName = Release;
		};
		84DC680428BDC7E4006BCEB0 /* Build configuration list for PBXNativeTarget "CurrencyConverter" */ = {
			isa = XCConfigurationList;
			buildConfigurations = (
				84DC680528BDC7E4006BCEB0 /* Debug */,
				84DC680628BDC7E4006BCEB0 /* Release */,
			);
			defaultConfigurationIsVisible = 0;
			defaultConfigurationName = Release;
		};
/* End XCConfigurationList section */

/* Begin XCVersionGroup section */
		84DC683A28C0BD33006BCEB0 /* CurrencyConverter.xcdatamodeld */ = {
			isa = XCVersionGroup;
			children = (
				84DC683B28C0BD33006BCEB0 /* CurrencyConverter.xcdatamodel */,
			);
			currentVersion = 84DC683B28C0BD33006BCEB0 /* CurrencyConverter.xcdatamodel */;
			path = CurrencyConverter.xcdatamodeld;
			sourceTree = "<group>";
			versionGroupType = wrapper.xcdatamodel;
		};
/* End XCVersionGroup section */
	};
	rootObject = 84DC67E828BDC7E3006BCEB0 /* Project object */;
}
