// !$*UTF8*$!
{
	archiveVersion = 1;
	classes = {
	};
	objectVersion = 53;
	objects = {

/* Begin PBXBuildFile section */
		8447512128CC40E600FF5C32 /* CurrencyConverterUnitTests.swift in Sources */ = {isa = PBXBuildFile; fileRef = 8447512028CC40E600FF5C32 /* CurrencyConverterUnitTests.swift */; };
		8447512828CDD5EE00FF5C32 /* RequestCurrencyModel.swift in Sources */ = {isa = PBXBuildFile; fileRef = 8447512728CDD5EE00FF5C32 /* RequestCurrencyModel.swift */; };
		84DC67F428BDC7E3006BCEB0 /* AppDelegate.swift in Sources */ = {isa = PBXBuildFile; fileRef = 84DC67F328BDC7E3006BCEB0 /* AppDelegate.swift */; };
		84DC67F628BDC7E3006BCEB0 /* SceneDelegate.swift in Sources */ = {isa = PBXBuildFile; fileRef = 84DC67F528BDC7E3006BCEB0 /* SceneDelegate.swift */; };
		84DC67F828BDC7E3006BCEB0 /* ListCurrenciesViewController.swift in Sources */ = {isa = PBXBuildFile; fileRef = 84DC67F728BDC7E3006BCEB0 /* ListCurrenciesViewController.swift */; };
		84DC67FD28BDC7E4006BCEB0 /* Assets.xcassets in Resources */ = {isa = PBXBuildFile; fileRef = 84DC67FC28BDC7E4006BCEB0 /* Assets.xcassets */; };
		84DC680028BDC7E4006BCEB0 /* LaunchScreen.storyboard in Resources */ = {isa = PBXBuildFile; fileRef = 84DC67FE28BDC7E4006BCEB0 /* LaunchScreen.storyboard */; };
		84DC680F28BDD11C006BCEB0 /* TabBarAssembly.swift in Sources */ = {isa = PBXBuildFile; fileRef = 84DC680E28BDD11C006BCEB0 /* TabBarAssembly.swift */; };
		84DC681328BDD18F006BCEB0 /* CurrencyConverterViewController.swift in Sources */ = {isa = PBXBuildFile; fileRef = 84DC681228BDD18F006BCEB0 /* CurrencyConverterViewController.swift */; };
		84DC681528BDD1A5006BCEB0 /* CurrencySelectionViewController.swift in Sources */ = {isa = PBXBuildFile; fileRef = 84DC681428BDD1A5006BCEB0 /* CurrencySelectionViewController.swift */; };
		84DC681728BDE209006BCEB0 /* ListCurrenciesPresenter.swift in Sources */ = {isa = PBXBuildFile; fileRef = 84DC681628BDE209006BCEB0 /* ListCurrenciesPresenter.swift */; };
		84DC681928BDE34D006BCEB0 /* ListCurrenciesAssembly.swift in Sources */ = {isa = PBXBuildFile; fileRef = 84DC681828BDE34D006BCEB0 /* ListCurrenciesAssembly.swift */; };
		84DC681B28BDE80D006BCEB0 /* ListCurrenciesTableCell.swift in Sources */ = {isa = PBXBuildFile; fileRef = 84DC681A28BDE80D006BCEB0 /* ListCurrenciesTableCell.swift */; };
		84DC681D28BDEBE5006BCEB0 /* ListCurrencyViewModel.swift in Sources */ = {isa = PBXBuildFile; fileRef = 84DC681C28BDEBE5006BCEB0 /* ListCurrencyViewModel.swift */; };
		84DC682128BE3052006BCEB0 /* CurrencyConverterPresenter.swift in Sources */ = {isa = PBXBuildFile; fileRef = 84DC682028BE3052006BCEB0 /* CurrencyConverterPresenter.swift */; };
		84DC682328BE309B006BCEB0 /* CurrencyConverterAssembly.swift in Sources */ = {isa = PBXBuildFile; fileRef = 84DC682228BE309B006BCEB0 /* CurrencyConverterAssembly.swift */; };
		84DC682528BE56C3006BCEB0 /* CurrencyConverterTableCell.swift in Sources */ = {isa = PBXBuildFile; fileRef = 84DC682428BE56C3006BCEB0 /* CurrencyConverterTableCell.swift */; };
		84DC682828BF68A9006BCEB0 /* NetworkError.swift in Sources */ = {isa = PBXBuildFile; fileRef = 84DC682728BF68A9006BCEB0 /* NetworkError.swift */; };
		84DC682A28BF68BE006BCEB0 /* CurrencyDTO.swift in Sources */ = {isa = PBXBuildFile; fileRef = 84DC682928BF68BE006BCEB0 /* CurrencyDTO.swift */; };
		84DC683028BF6923006BCEB0 /* CurrencyXMLParser.swift in Sources */ = {isa = PBXBuildFile; fileRef = 84DC682F28BF6923006BCEB0 /* CurrencyXMLParser.swift */; };
		84DC683228BF693A006BCEB0 /* NetworkService.swift in Sources */ = {isa = PBXBuildFile; fileRef = 84DC683128BF693A006BCEB0 /* NetworkService.swift */; };
		84DC683428BF6C44006BCEB0 /* ListCurrenciesInteractor.swift in Sources */ = {isa = PBXBuildFile; fileRef = 84DC683328BF6C44006BCEB0 /* ListCurrenciesInteractor.swift */; };
		84DC683728C0BAE7006BCEB0 /* CoreDataStorage.swift in Sources */ = {isa = PBXBuildFile; fileRef = 84DC683628C0BAE7006BCEB0 /* CoreDataStorage.swift */; };
		84DC683C28C0BD33006BCEB0 /* CurrencyConverter.xcdatamodeld in Sources */ = {isa = PBXBuildFile; fileRef = 84DC683A28C0BD33006BCEB0 /* CurrencyConverter.xcdatamodeld */; };
		84DC683F28C0BE4C006BCEB0 /* CurrencyEntity+CoreDataClass.swift in Sources */ = {isa = PBXBuildFile; fileRef = 84DC683D28C0BE4C006BCEB0 /* CurrencyEntity+CoreDataClass.swift */; };
		84DC684028C0BE4C006BCEB0 /* CurrencyEntity+CoreDataProperties.swift in Sources */ = {isa = PBXBuildFile; fileRef = 84DC683E28C0BE4C006BCEB0 /* CurrencyEntity+CoreDataProperties.swift */; };
		84DC684528C1AABF006BCEB0 /* CurrencySelectionPresenter.swift in Sources */ = {isa = PBXBuildFile; fileRef = 84DC684428C1AABF006BCEB0 /* CurrencySelectionPresenter.swift */; };
		84DC684728C1AB8C006BCEB0 /* CurrencySelectionAssembly.swift in Sources */ = {isa = PBXBuildFile; fileRef = 84DC684628C1AB8C006BCEB0 /* CurrencySelectionAssembly.swift */; };
		84DC684B28C1B2E0006BCEB0 /* CurrencyConverterRouter.swift in Sources */ = {isa = PBXBuildFile; fileRef = 84DC684A28C1B2E0006BCEB0 /* CurrencyConverterRouter.swift */; };
		84DC684D28C5B1C9006BCEB0 /* CurrencyConverterViewModel.swift in Sources */ = {isa = PBXBuildFile; fileRef = 84DC684C28C5B1C9006BCEB0 /* CurrencyConverterViewModel.swift */; };
		84DC685828C60C91006BCEB0 /* CurrencyConverterCalculatorCell.swift in Sources */ = {isa = PBXBuildFile; fileRef = 84DC685728C60C91006BCEB0 /* CurrencyConverterCalculatorCell.swift */; };
		84DC685A28C6F15D006BCEB0 /* CurrencySelectionRouter.swift in Sources */ = {isa = PBXBuildFile; fileRef = 84DC685928C6F15D006BCEB0 /* CurrencySelectionRouter.swift */; };
		84DC685C28C7219C006BCEB0 /* ListCurrenciesCollectionCell.swift in Sources */ = {isa = PBXBuildFile; fileRef = 84DC685B28C7219C006BCEB0 /* ListCurrenciesCollectionCell.swift */; };
		84DC685E28C89E07006BCEB0 /* CurrencyConverter.swift in Sources */ = {isa = PBXBuildFile; fileRef = 84DC685D28C89E07006BCEB0 /* CurrencyConverter.swift */; };
		84DC686028C8C229006BCEB0 /* ListCurrenciesView.swift in Sources */ = {isa = PBXBuildFile; fileRef = 84DC685F28C8C229006BCEB0 /* ListCurrenciesView.swift */; };
		84DC686528C8E5D6006BCEB0 /* TypeCurrencies.swift in Sources */ = {isa = PBXBuildFile; fileRef = 84DC686428C8E5D6006BCEB0 /* TypeCurrencies.swift */; };
		84DC686728C8E615006BCEB0 /* RequestFavoriteCurrencyModel.swift in Sources */ = {isa = PBXBuildFile; fileRef = 84DC686628C8E615006BCEB0 /* RequestFavoriteCurrencyModel.swift */; };
		84DC686A28C98B58006BCEB0 /* CalculatorButtons.swift in Sources */ = {isa = PBXBuildFile; fileRef = 84DC686928C98B58006BCEB0 /* CalculatorButtons.swift */; };
		84DC686C28C98B8D006BCEB0 /* CurrencyType.swift in Sources */ = {isa = PBXBuildFile; fileRef = 84DC686B28C98B8D006BCEB0 /* CurrencyType.swift */; };
		84DC686E28C98D1D006BCEB0 /* CurrencyConverterView.swift in Sources */ = {isa = PBXBuildFile; fileRef = 84DC686D28C98D1D006BCEB0 /* CurrencyConverterView.swift */; };
		84DC687228C99982006BCEB0 /* Fonts.swift in Sources */ = {isa = PBXBuildFile; fileRef = 84DC687128C99981006BCEB0 /* Fonts.swift */; };
		84DC687428C99B20006BCEB0 /* CurrencySelectionView.swift in Sources */ = {isa = PBXBuildFile; fileRef = 84DC687328C99B20006BCEB0 /* CurrencySelectionView.swift */; };
		84DC687728C99F57006BCEB0 /* ResponseCurrencyModel.swift in Sources */ = {isa = PBXBuildFile; fileRef = 84DC687628C99F57006BCEB0 /* ResponseCurrencyModel.swift */; };
		84DC687928C9A477006BCEB0 /* ListCurrenciesCollectionAdapter.swift in Sources */ = {isa = PBXBuildFile; fileRef = 84DC687828C9A477006BCEB0 /* ListCurrenciesCollectionAdapter.swift */; };
		84DC687C28C9A9F8006BCEB0 /* CurrencyConverterCollectionAdapter.swift in Sources */ = {isa = PBXBuildFile; fileRef = 84DC687B28C9A9F8006BCEB0 /* CurrencyConverterCollectionAdapter.swift */; };
		84DC687F28CA0E64006BCEB0 /* Formatter.swift in Sources */ = {isa = PBXBuildFile; fileRef = 84DC687E28CA0E64006BCEB0 /* Formatter.swift */; };
		84DC689028CB0AEA006BCEB0 /* ListCurrenciesUITests.swift in Sources */ = {isa = PBXBuildFile; fileRef = 84DC688F28CB0AEA006BCEB0 /* ListCurrenciesUITests.swift */; };
		84DC689228CB0FBA006BCEB0 /* CurrencyConverterUITests.swift in Sources */ = {isa = PBXBuildFile; fileRef = 84DC689128CB0FBA006BCEB0 /* CurrencyConverterUITests.swift */; };
		84DC689428CB2B0F006BCEB0 /* CurrencySelectionUITests.swift in Sources */ = {isa = PBXBuildFile; fileRef = 84DC689328CB2B0F006BCEB0 /* CurrencySelectionUITests.swift */; };
/* End PBXBuildFile section */

/* Begin PBXContainerItemProxy section */
		8447512228CC40E600FF5C32 /* PBXContainerItemProxy */ = {
			isa = PBXContainerItemProxy;
			containerPortal = 84DC67E828BDC7E3006BCEB0 /* Project object */;
			proxyType = 1;
			remoteGlobalIDString = 84DC67EF28BDC7E3006BCEB0;
			remoteInfo = CurrencyConverter;
		};
		84DC688A28CAEEE8006BCEB0 /* PBXContainerItemProxy */ = {
			isa = PBXContainerItemProxy;
			containerPortal = 84DC67E828BDC7E3006BCEB0 /* Project object */;
			proxyType = 1;
			remoteGlobalIDString = 84DC67EF28BDC7E3006BCEB0;
			remoteInfo = CurrencyConverter;
		};
/* End PBXContainerItemProxy section */

/* Begin PBXFileReference section */
		8447511E28CC40E600FF5C32 /* UnitTests.xctest */ = {isa = PBXFileReference; explicitFileType = wrapper.cfbundle; includeInIndex = 0; path = UnitTests.xctest; sourceTree = BUILT_PRODUCTS_DIR; };
		8447512028CC40E600FF5C32 /* CurrencyConverterUnitTests.swift */ = {isa = PBXFileReference; lastKnownFileType = sourcecode.swift; path = CurrencyConverterUnitTests.swift; sourceTree = "<group>"; };
		8447512728CDD5EE00FF5C32 /* RequestCurrencyModel.swift */ = {isa = PBXFileReference; lastKnownFileType = sourcecode.swift; path = RequestCurrencyModel.swift; sourceTree = "<group>"; };
		84DC67F028BDC7E3006BCEB0 /* CurrencyConverter.app */ = {isa = PBXFileReference; explicitFileType = wrapper.application; includeInIndex = 0; path = CurrencyConverter.app; sourceTree = BUILT_PRODUCTS_DIR; };
		84DC67F328BDC7E3006BCEB0 /* AppDelegate.swift */ = {isa = PBXFileReference; lastKnownFileType = sourcecode.swift; path = AppDelegate.swift; sourceTree = "<group>"; };
		84DC67F528BDC7E3006BCEB0 /* SceneDelegate.swift */ = {isa = PBXFileReference; lastKnownFileType = sourcecode.swift; path = SceneDelegate.swift; sourceTree = "<group>"; };
		84DC67F728BDC7E3006BCEB0 /* ListCurrenciesViewController.swift */ = {isa = PBXFileReference; lastKnownFileType = sourcecode.swift; path = ListCurrenciesViewController.swift; sourceTree = "<group>"; };
		84DC67FC28BDC7E4006BCEB0 /* Assets.xcassets */ = {isa = PBXFileReference; lastKnownFileType = folder.assetcatalog; path = Assets.xcassets; sourceTree = "<group>"; };
		84DC67FF28BDC7E4006BCEB0 /* Base */ = {isa = PBXFileReference; lastKnownFileType = file.storyboard; name = Base; path = Base.lproj/LaunchScreen.storyboard; sourceTree = "<group>"; };
		84DC680128BDC7E4006BCEB0 /* Info.plist */ = {isa = PBXFileReference; lastKnownFileType = text.plist.xml; path = Info.plist; sourceTree = "<group>"; };
		84DC680E28BDD11C006BCEB0 /* TabBarAssembly.swift */ = {isa = PBXFileReference; lastKnownFileType = sourcecode.swift; path = TabBarAssembly.swift; sourceTree = "<group>"; };
		84DC681228BDD18F006BCEB0 /* CurrencyConverterViewController.swift */ = {isa = PBXFileReference; lastKnownFileType = sourcecode.swift; path = CurrencyConverterViewController.swift; sourceTree = "<group>"; };
		84DC681428BDD1A5006BCEB0 /* CurrencySelectionViewController.swift */ = {isa = PBXFileReference; lastKnownFileType = sourcecode.swift; path = CurrencySelectionViewController.swift; sourceTree = "<group>"; };
		84DC681628BDE209006BCEB0 /* ListCurrenciesPresenter.swift */ = {isa = PBXFileReference; lastKnownFileType = sourcecode.swift; path = ListCurrenciesPresenter.swift; sourceTree = "<group>"; };
		84DC681828BDE34D006BCEB0 /* ListCurrenciesAssembly.swift */ = {isa = PBXFileReference; lastKnownFileType = sourcecode.swift; path = ListCurrenciesAssembly.swift; sourceTree = "<group>"; };
		84DC681A28BDE80D006BCEB0 /* ListCurrenciesTableCell.swift */ = {isa = PBXFileReference; lastKnownFileType = sourcecode.swift; path = ListCurrenciesTableCell.swift; sourceTree = "<group>"; };
		84DC681C28BDEBE5006BCEB0 /* ListCurrencyViewModel.swift */ = {isa = PBXFileReference; lastKnownFileType = sourcecode.swift; path = ListCurrencyViewModel.swift; sourceTree = "<group>"; };
		84DC682028BE3052006BCEB0 /* CurrencyConverterPresenter.swift */ = {isa = PBXFileReference; lastKnownFileType = sourcecode.swift; path = CurrencyConverterPresenter.swift; sourceTree = "<group>"; };
		84DC682228BE309B006BCEB0 /* CurrencyConverterAssembly.swift */ = {isa = PBXFileReference; lastKnownFileType = sourcecode.swift; path = CurrencyConverterAssembly.swift; sourceTree = "<group>"; };
		84DC682428BE56C3006BCEB0 /* CurrencyConverterTableCell.swift */ = {isa = PBXFileReference; lastKnownFileType = sourcecode.swift; path = CurrencyConverterTableCell.swift; sourceTree = "<group>"; };
		84DC682728BF68A9006BCEB0 /* NetworkError.swift */ = {isa = PBXFileReference; lastKnownFileType = sourcecode.swift; path = NetworkError.swift; sourceTree = "<group>"; };
		84DC682928BF68BE006BCEB0 /* CurrencyDTO.swift */ = {isa = PBXFileReference; lastKnownFileType = sourcecode.swift; path = CurrencyDTO.swift; sourceTree = "<group>"; };
		84DC682F28BF6923006BCEB0 /* CurrencyXMLParser.swift */ = {isa = PBXFileReference; lastKnownFileType = sourcecode.swift; path = CurrencyXMLParser.swift; sourceTree = "<group>"; };
		84DC683128BF693A006BCEB0 /* NetworkService.swift */ = {isa = PBXFileReference; lastKnownFileType = sourcecode.swift; path = NetworkService.swift; sourceTree = "<group>"; };
		84DC683328BF6C44006BCEB0 /* ListCurrenciesInteractor.swift */ = {isa = PBXFileReference; lastKnownFileType = sourcecode.swift; path = ListCurrenciesInteractor.swift; sourceTree = "<group>"; };
		84DC683628C0BAE7006BCEB0 /* CoreDataStorage.swift */ = {isa = PBXFileReference; lastKnownFileType = sourcecode.swift; path = CoreDataStorage.swift; sourceTree = "<group>"; };
		84DC683B28C0BD33006BCEB0 /* CurrencyConverter.xcdatamodel */ = {isa = PBXFileReference; lastKnownFileType = wrapper.xcdatamodel; path = CurrencyConverter.xcdatamodel; sourceTree = "<group>"; };
		84DC683D28C0BE4C006BCEB0 /* CurrencyEntity+CoreDataClass.swift */ = {isa = PBXFileReference; lastKnownFileType = sourcecode.swift; path = "CurrencyEntity+CoreDataClass.swift"; sourceTree = "<group>"; };
		84DC683E28C0BE4C006BCEB0 /* CurrencyEntity+CoreDataProperties.swift */ = {isa = PBXFileReference; lastKnownFileType = sourcecode.swift; path = "CurrencyEntity+CoreDataProperties.swift"; sourceTree = "<group>"; };
		84DC684428C1AABF006BCEB0 /* CurrencySelectionPresenter.swift */ = {isa = PBXFileReference; lastKnownFileType = sourcecode.swift; path = CurrencySelectionPresenter.swift; sourceTree = "<group>"; };
		84DC684628C1AB8C006BCEB0 /* CurrencySelectionAssembly.swift */ = {isa = PBXFileReference; lastKnownFileType = sourcecode.swift; path = CurrencySelectionAssembly.swift; sourceTree = "<group>"; };
		84DC684A28C1B2E0006BCEB0 /* CurrencyConverterRouter.swift */ = {isa = PBXFileReference; lastKnownFileType = sourcecode.swift; path = CurrencyConverterRouter.swift; sourceTree = "<group>"; };
		84DC684C28C5B1C9006BCEB0 /* CurrencyConverterViewModel.swift */ = {isa = PBXFileReference; lastKnownFileType = sourcecode.swift; path = CurrencyConverterViewModel.swift; sourceTree = "<group>"; };
		84DC685728C60C91006BCEB0 /* CurrencyConverterCalculatorCell.swift */ = {isa = PBXFileReference; lastKnownFileType = sourcecode.swift; path = CurrencyConverterCalculatorCell.swift; sourceTree = "<group>"; };
		84DC685928C6F15D006BCEB0 /* CurrencySelectionRouter.swift */ = {isa = PBXFileReference; lastKnownFileType = sourcecode.swift; path = CurrencySelectionRouter.swift; sourceTree = "<group>"; };
		84DC685B28C7219C006BCEB0 /* ListCurrenciesCollectionCell.swift */ = {isa = PBXFileReference; lastKnownFileType = sourcecode.swift; path = ListCurrenciesCollectionCell.swift; sourceTree = "<group>"; };
		84DC685D28C89E07006BCEB0 /* CurrencyConverter.swift */ = {isa = PBXFileReference; lastKnownFileType = sourcecode.swift; path = CurrencyConverter.swift; sourceTree = "<group>"; };
		84DC685F28C8C229006BCEB0 /* ListCurrenciesView.swift */ = {isa = PBXFileReference; lastKnownFileType = sourcecode.swift; path = ListCurrenciesView.swift; sourceTree = "<group>"; };
		84DC686428C8E5D6006BCEB0 /* TypeCurrencies.swift */ = {isa = PBXFileReference; lastKnownFileType = sourcecode.swift; path = TypeCurrencies.swift; sourceTree = "<group>"; };
		84DC686628C8E615006BCEB0 /* RequestFavoriteCurrencyModel.swift */ = {isa = PBXFileReference; lastKnownFileType = sourcecode.swift; path = RequestFavoriteCurrencyModel.swift; sourceTree = "<group>"; };
		84DC686928C98B58006BCEB0 /* CalculatorButtons.swift */ = {isa = PBXFileReference; lastKnownFileType = sourcecode.swift; path = CalculatorButtons.swift; sourceTree = "<group>"; };
		84DC686B28C98B8D006BCEB0 /* CurrencyType.swift */ = {isa = PBXFileReference; lastKnownFileType = sourcecode.swift; path = CurrencyType.swift; sourceTree = "<group>"; };
		84DC686D28C98D1D006BCEB0 /* CurrencyConverterView.swift */ = {isa = PBXFileReference; lastKnownFileType = sourcecode.swift; path = CurrencyConverterView.swift; sourceTree = "<group>"; };
		84DC687128C99981006BCEB0 /* Fonts.swift */ = {isa = PBXFileReference; lastKnownFileType = sourcecode.swift; path = Fonts.swift; sourceTree = "<group>"; };
		84DC687328C99B20006BCEB0 /* CurrencySelectionView.swift */ = {isa = PBXFileReference; lastKnownFileType = sourcecode.swift; path = CurrencySelectionView.swift; sourceTree = "<group>"; };
		84DC687628C99F57006BCEB0 /* ResponseCurrencyModel.swift */ = {isa = PBXFileReference; lastKnownFileType = sourcecode.swift; path = ResponseCurrencyModel.swift; sourceTree = "<group>"; };
		84DC687828C9A477006BCEB0 /* ListCurrenciesCollectionAdapter.swift */ = {isa = PBXFileReference; lastKnownFileType = sourcecode.swift; path = ListCurrenciesCollectionAdapter.swift; sourceTree = "<group>"; };
		84DC687B28C9A9F8006BCEB0 /* CurrencyConverterCollectionAdapter.swift */ = {isa = PBXFileReference; lastKnownFileType = sourcecode.swift; path = CurrencyConverterCollectionAdapter.swift; sourceTree = "<group>"; };
		84DC687E28CA0E64006BCEB0 /* Formatter.swift */ = {isa = PBXFileReference; lastKnownFileType = sourcecode.swift; path = Formatter.swift; sourceTree = "<group>"; };
		84DC688428CAEEE8006BCEB0 /* CurrencyConverterUITests.xctest */ = {isa = PBXFileReference; explicitFileType = wrapper.cfbundle; includeInIndex = 0; path = CurrencyConverterUITests.xctest; sourceTree = BUILT_PRODUCTS_DIR; };
		84DC688F28CB0AEA006BCEB0 /* ListCurrenciesUITests.swift */ = {isa = PBXFileReference; lastKnownFileType = sourcecode.swift; path = ListCurrenciesUITests.swift; sourceTree = "<group>"; };
		84DC689128CB0FBA006BCEB0 /* CurrencyConverterUITests.swift */ = {isa = PBXFileReference; lastKnownFileType = sourcecode.swift; path = CurrencyConverterUITests.swift; sourceTree = "<group>"; };
		84DC689328CB2B0F006BCEB0 /* CurrencySelectionUITests.swift */ = {isa = PBXFileReference; lastKnownFileType = sourcecode.swift; path = CurrencySelectionUITests.swift; sourceTree = "<group>"; };
/* End PBXFileReference section */

/* Begin PBXFrameworksBuildPhase section */
		8447511B28CC40E600FF5C32 /* Frameworks */ = {
			isa = PBXFrameworksBuildPhase;
			buildActionMask = 2147483647;
			files = (
			);
			runOnlyForDeploymentPostprocessing = 0;
		};
		84DC67ED28BDC7E3006BCEB0 /* Frameworks */ = {
			isa = PBXFrameworksBuildPhase;
			buildActionMask = 2147483647;
			files = (
			);
			runOnlyForDeploymentPostprocessing = 0;
		};
		84DC688128CAEEE8006BCEB0 /* Frameworks */ = {
			isa = PBXFrameworksBuildPhase;
			buildActionMask = 2147483647;
			files = (
			);
			runOnlyForDeploymentPostprocessing = 0;
		};
/* End PBXFrameworksBuildPhase section */

/* Begin PBXGroup section */
		8447511F28CC40E600FF5C32 /* UnitTests */ = {
			isa = PBXGroup;
			children = (
				8447512028CC40E600FF5C32 /* CurrencyConverterUnitTests.swift */,
			);
			path = UnitTests;
			sourceTree = "<group>";
		};
		84DC67E728BDC7E3006BCEB0 = {
			isa = PBXGroup;
			children = (
				84DC67F228BDC7E3006BCEB0 /* CurrencyConverter */,
				84DC688528CAEEE8006BCEB0 /* UITests */,
				8447511F28CC40E600FF5C32 /* UnitTests */,
				84DC67F128BDC7E3006BCEB0 /* Products */,
			);
			sourceTree = "<group>";
		};
		84DC67F128BDC7E3006BCEB0 /* Products */ = {
			isa = PBXGroup;
			children = (
				84DC67F028BDC7E3006BCEB0 /* CurrencyConverter.app */,
				84DC688428CAEEE8006BCEB0 /* CurrencyConverterUITests.xctest */,
				8447511E28CC40E600FF5C32 /* UnitTests.xctest */,
			);
			name = Products;
			sourceTree = "<group>";
		};
		84DC67F228BDC7E3006BCEB0 /* CurrencyConverter */ = {
			isa = PBXGroup;
			children = (
				84DC683528C0BAC7006BCEB0 /* StorageService */,
				84DC682628BF688B006BCEB0 /* NetworkService */,
				84DC680928BDCED1006BCEB0 /* Moduls */,
				84DC680828BDCE9A006BCEB0 /* Resources */,
			);
			path = CurrencyConverter;
			sourceTree = "<group>";
		};
		84DC680828BDCE9A006BCEB0 /* Resources */ = {
			isa = PBXGroup;
			children = (
				84DC67F328BDC7E3006BCEB0 /* AppDelegate.swift */,
				84DC67F528BDC7E3006BCEB0 /* SceneDelegate.swift */,
				84DC687128C99981006BCEB0 /* Fonts.swift */,
				84DC67FC28BDC7E4006BCEB0 /* Assets.xcassets */,
				84DC67FE28BDC7E4006BCEB0 /* LaunchScreen.storyboard */,
				84DC680128BDC7E4006BCEB0 /* Info.plist */,
				84DC683A28C0BD33006BCEB0 /* CurrencyConverter.xcdatamodeld */,
			);
			path = Resources;
			sourceTree = "<group>";
		};
		84DC680928BDCED1006BCEB0 /* Moduls */ = {
			isa = PBXGroup;
			children = (
				84DC680E28BDD11C006BCEB0 /* TabBarAssembly.swift */,
				84DC680A28BDCEFB006BCEB0 /* ListCurrencies */,
				84DC680C28BDD003006BCEB0 /* CurrencyConverter */,
				84DC680D28BDD067006BCEB0 /* CurrencySelection */,
			);
			path = Moduls;
			sourceTree = "<group>";
		};
		84DC680A28BDCEFB006BCEB0 /* ListCurrencies */ = {
			isa = PBXGroup;
			children = (
				84DC686128C8E544006BCEB0 /* View */,
				84DC687A28C9A5D5006BCEB0 /* CollectionAdapter */,
				84DC686328C8E557006BCEB0 /* Model */,
				84DC681628BDE209006BCEB0 /* ListCurrenciesPresenter.swift */,
				84DC683328BF6C44006BCEB0 /* ListCurrenciesInteractor.swift */,
				84DC681828BDE34D006BCEB0 /* ListCurrenciesAssembly.swift */,
				84DC686428C8E5D6006BCEB0 /* TypeCurrencies.swift */,
			);
			path = ListCurrencies;
			sourceTree = "<group>";
		};
		84DC680C28BDD003006BCEB0 /* CurrencyConverter */ = {
			isa = PBXGroup;
			children = (
				84DC686F28C98F2F006BCEB0 /* View */,
				84DC687D28C9ABB5006BCEB0 /* CollectionAdapter */,
				84DC682028BE3052006BCEB0 /* CurrencyConverterPresenter.swift */,
				84DC687E28CA0E64006BCEB0 /* Formatter.swift */,
				84DC685D28C89E07006BCEB0 /* CurrencyConverter.swift */,
				84DC684A28C1B2E0006BCEB0 /* CurrencyConverterRouter.swift */,
				84DC682228BE309B006BCEB0 /* CurrencyConverterAssembly.swift */,
				84DC686828C98AAB006BCEB0 /* Model */,
				84DC687028C98F3F006BCEB0 /* Enum */,
			);
			path = CurrencyConverter;
			sourceTree = "<group>";
		};
		84DC680D28BDD067006BCEB0 /* CurrencySelection */ = {
			isa = PBXGroup;
			children = (
				84DC687528C99B47006BCEB0 /* View */,
				84DC684428C1AABF006BCEB0 /* CurrencySelectionPresenter.swift */,
				84DC685928C6F15D006BCEB0 /* CurrencySelectionRouter.swift */,
				84DC684628C1AB8C006BCEB0 /* CurrencySelectionAssembly.swift */,
			);
			path = CurrencySelection;
			sourceTree = "<group>";
		};
		84DC682628BF688B006BCEB0 /* NetworkService */ = {
			isa = PBXGroup;
			children = (
				84DC682728BF68A9006BCEB0 /* NetworkError.swift */,
				84DC682928BF68BE006BCEB0 /* CurrencyDTO.swift */,
				84DC682F28BF6923006BCEB0 /* CurrencyXMLParser.swift */,
				84DC683128BF693A006BCEB0 /* NetworkService.swift */,
			);
			path = NetworkService;
			sourceTree = "<group>";
		};
		84DC683528C0BAC7006BCEB0 /* StorageService */ = {
			isa = PBXGroup;
			children = (
				84DC683D28C0BE4C006BCEB0 /* CurrencyEntity+CoreDataClass.swift */,
				84DC683E28C0BE4C006BCEB0 /* CurrencyEntity+CoreDataProperties.swift */,
				84DC683628C0BAE7006BCEB0 /* CoreDataStorage.swift */,
				84DC687628C99F57006BCEB0 /* ResponseCurrencyModel.swift */,
			);
			path = StorageService;
			sourceTree = "<group>";
		};
		84DC686128C8E544006BCEB0 /* View */ = {
			isa = PBXGroup;
			children = (
				84DC67F728BDC7E3006BCEB0 /* ListCurrenciesViewController.swift */,
				84DC685F28C8C229006BCEB0 /* ListCurrenciesView.swift */,
				84DC681A28BDE80D006BCEB0 /* ListCurrenciesTableCell.swift */,
			);
			path = View;
			sourceTree = "<group>";
		};
		84DC686328C8E557006BCEB0 /* Model */ = {
			isa = PBXGroup;
			children = (
				84DC681C28BDEBE5006BCEB0 /* ListCurrencyViewModel.swift */,
				84DC686628C8E615006BCEB0 /* RequestFavoriteCurrencyModel.swift */,
				8447512728CDD5EE00FF5C32 /* RequestCurrencyModel.swift */,
			);
			path = Model;
			sourceTree = "<group>";
		};
		84DC686828C98AAB006BCEB0 /* Model */ = {
			isa = PBXGroup;
			children = (
				84DC684C28C5B1C9006BCEB0 /* CurrencyConverterViewModel.swift */,
			);
			path = Model;
			sourceTree = "<group>";
		};
		84DC686F28C98F2F006BCEB0 /* View */ = {
			isa = PBXGroup;
			children = (
				84DC681228BDD18F006BCEB0 /* CurrencyConverterViewController.swift */,
				84DC686D28C98D1D006BCEB0 /* CurrencyConverterView.swift */,
				84DC682428BE56C3006BCEB0 /* CurrencyConverterTableCell.swift */,
			);
			path = View;
			sourceTree = "<group>";
		};
		84DC687028C98F3F006BCEB0 /* Enum */ = {
			isa = PBXGroup;
			children = (
				84DC686B28C98B8D006BCEB0 /* CurrencyType.swift */,
			);
			path = Enum;
			sourceTree = "<group>";
		};
		84DC687528C99B47006BCEB0 /* View */ = {
			isa = PBXGroup;
			children = (
				84DC681428BDD1A5006BCEB0 /* CurrencySelectionViewController.swift */,
				84DC687328C99B20006BCEB0 /* CurrencySelectionView.swift */,
			);
			path = View;
			sourceTree = "<group>";
		};
		84DC687A28C9A5D5006BCEB0 /* CollectionAdapter */ = {
			isa = PBXGroup;
			children = (
				84DC687828C9A477006BCEB0 /* ListCurrenciesCollectionAdapter.swift */,
				84DC685B28C7219C006BCEB0 /* ListCurrenciesCollectionCell.swift */,
			);
			path = CollectionAdapter;
			sourceTree = "<group>";
		};
		84DC687D28C9ABB5006BCEB0 /* CollectionAdapter */ = {
			isa = PBXGroup;
			children = (
				84DC687B28C9A9F8006BCEB0 /* CurrencyConverterCollectionAdapter.swift */,
				84DC685728C60C91006BCEB0 /* CurrencyConverterCalculatorCell.swift */,
				84DC686928C98B58006BCEB0 /* CalculatorButtons.swift */,
			);
			path = CollectionAdapter;
			sourceTree = "<group>";
		};
		84DC688528CAEEE8006BCEB0 /* UITests */ = {
			isa = PBXGroup;
			children = (
				84DC688F28CB0AEA006BCEB0 /* ListCurrenciesUITests.swift */,
				84DC689128CB0FBA006BCEB0 /* CurrencyConverterUITests.swift */,
				84DC689328CB2B0F006BCEB0 /* CurrencySelectionUITests.swift */,
			);
			path = UITests;
			sourceTree = "<group>";
		};
/* End PBXGroup section */

/* Begin PBXNativeTarget section */
		8447511D28CC40E600FF5C32 /* UnitTests */ = {
			isa = PBXNativeTarget;
			buildConfigurationList = 8447512428CC40E600FF5C32 /* Build configuration list for PBXNativeTarget "UnitTests" */;
			buildPhases = (
				8447511A28CC40E600FF5C32 /* Sources */,
				8447511B28CC40E600FF5C32 /* Frameworks */,
				8447511C28CC40E600FF5C32 /* Resources */,
			);
			buildRules = (
			);
			dependencies = (
				8447512328CC40E600FF5C32 /* PBXTargetDependency */,
			);
			name = UnitTests;
			productName = UnitTests;
			productReference = 8447511E28CC40E600FF5C32 /* UnitTests.xctest */;
			productType = "com.apple.product-type.bundle.unit-test";
		};
		84DC67EF28BDC7E3006BCEB0 /* CurrencyConverter */ = {
			isa = PBXNativeTarget;
			buildConfigurationList = 84DC680428BDC7E4006BCEB0 /* Build configuration list for PBXNativeTarget "CurrencyConverter" */;
			buildPhases = (
				84DC67EC28BDC7E3006BCEB0 /* Sources */,
				84DC67ED28BDC7E3006BCEB0 /* Frameworks */,
				84DC67EE28BDC7E3006BCEB0 /* Resources */,
			);
			buildRules = (
			);
			dependencies = (
			);
			name = CurrencyConverter;
			productName = CurrencyConverter;
			productReference = 84DC67F028BDC7E3006BCEB0 /* CurrencyConverter.app */;
			productType = "com.apple.product-type.application";
		};
		84DC688328CAEEE8006BCEB0 /* CurrencyConverterUITests */ = {
			isa = PBXNativeTarget;
			buildConfigurationList = 84DC688C28CAEEE8006BCEB0 /* Build configuration list for PBXNativeTarget "CurrencyConverterUITests" */;
			buildPhases = (
				84DC688028CAEEE8006BCEB0 /* Sources */,
				84DC688128CAEEE8006BCEB0 /* Frameworks */,
				84DC688228CAEEE8006BCEB0 /* Resources */,
			);
			buildRules = (
			);
			dependencies = (
				84DC688B28CAEEE8006BCEB0 /* PBXTargetDependency */,
			);
			name = CurrencyConverterUITests;
			productName = CurrencyConverterUITests;
			productReference = 84DC688428CAEEE8006BCEB0 /* CurrencyConverterUITests.xctest */;
			productType = "com.apple.product-type.bundle.ui-testing";
		};
/* End PBXNativeTarget section */

/* Begin PBXProject section */
		84DC67E828BDC7E3006BCEB0 /* Project object */ = {
			isa = PBXProject;
			attributes = {
				BuildIndependentTargetsInParallel = 1;
				LastSwiftUpdateCheck = 1330;
				LastUpgradeCheck = 1330;
				TargetAttributes = {
					8447511D28CC40E600FF5C32 = {
						CreatedOnToolsVersion = 13.3.1;
						TestTargetID = 84DC67EF28BDC7E3006BCEB0;
					};
					84DC67EF28BDC7E3006BCEB0 = {
						CreatedOnToolsVersion = 13.3.1;
					};
					84DC688328CAEEE8006BCEB0 = {
						CreatedOnToolsVersion = 13.3.1;
						TestTargetID = 84DC67EF28BDC7E3006BCEB0;
					};
				};
			};
			buildConfigurationList = 84DC67EB28BDC7E3006BCEB0 /* Build configuration list for PBXProject "CurrencyConverter" */;
			compatibilityVersion = "Xcode 3.1";
			developmentRegion = en;
			hasScannedForEncodings = 0;
			knownRegions = (
				en,
				Base,
			);
			mainGroup = 84DC67E728BDC7E3006BCEB0;
			productRefGroup = 84DC67F128BDC7E3006BCEB0 /* Products */;
			projectDirPath = "";
			projectRoot = "";
			targets = (
				84DC67EF28BDC7E3006BCEB0 /* CurrencyConverter */,
				84DC688328CAEEE8006BCEB0 /* CurrencyConverterUITests */,
				8447511D28CC40E600FF5C32 /* UnitTests */,
			);
		};
/* End PBXProject section */

/* Begin PBXResourcesBuildPhase section */
		8447511C28CC40E600FF5C32 /* Resources */ = {
			isa = PBXResourcesBuildPhase;
			buildActionMask = 2147483647;
			files = (
			);
			runOnlyForDeploymentPostprocessing = 0;
		};
		84DC67EE28BDC7E3006BCEB0 /* Resources */ = {
			isa = PBXResourcesBuildPhase;
			buildActionMask = 2147483647;
			files = (
				84DC680028BDC7E4006BCEB0 /* LaunchScreen.storyboard in Resources */,
				84DC67FD28BDC7E4006BCEB0 /* Assets.xcassets in Resources */,
			);
			runOnlyForDeploymentPostprocessing = 0;
		};
		84DC688228CAEEE8006BCEB0 /* Resources */ = {
			isa = PBXResourcesBuildPhase;
			buildActionMask = 2147483647;
			files = (
			);
			runOnlyForDeploymentPostprocessing = 0;
		};
/* End PBXResourcesBuildPhase section */

/* Begin PBXSourcesBuildPhase section */
		8447511A28CC40E600FF5C32 /* Sources */ = {
			isa = PBXSourcesBuildPhase;
			buildActionMask = 2147483647;
			files = (
				8447512128CC40E600FF5C32 /* CurrencyConverterUnitTests.swift in Sources */,
			);
			runOnlyForDeploymentPostprocessing = 0;
		};
		84DC67EC28BDC7E3006BCEB0 /* Sources */ = {
			isa = PBXSourcesBuildPhase;
			buildActionMask = 2147483647;
			files = (
				84DC681328BDD18F006BCEB0 /* CurrencyConverterViewController.swift in Sources */,
				84DC67F828BDC7E3006BCEB0 /* ListCurrenciesViewController.swift in Sources */,
				84DC681528BDD1A5006BCEB0 /* CurrencySelectionViewController.swift in Sources */,
				84DC67F428BDC7E3006BCEB0 /* AppDelegate.swift in Sources */,
				84DC687428C99B20006BCEB0 /* CurrencySelectionView.swift in Sources */,
				84DC685E28C89E07006BCEB0 /* CurrencyConverter.swift in Sources */,
				84DC685828C60C91006BCEB0 /* CurrencyConverterCalculatorCell.swift in Sources */,
				84DC683028BF6923006BCEB0 /* CurrencyXMLParser.swift in Sources */,
				84DC687F28CA0E64006BCEB0 /* Formatter.swift in Sources */,
				84DC683F28C0BE4C006BCEB0 /* CurrencyEntity+CoreDataClass.swift in Sources */,
				84DC687728C99F57006BCEB0 /* ResponseCurrencyModel.swift in Sources */,
				84DC684D28C5B1C9006BCEB0 /* CurrencyConverterViewModel.swift in Sources */,
				84DC683728C0BAE7006BCEB0 /* CoreDataStorage.swift in Sources */,
				84DC686C28C98B8D006BCEB0 /* CurrencyType.swift in Sources */,
				84DC686528C8E5D6006BCEB0 /* TypeCurrencies.swift in Sources */,
				84DC685C28C7219C006BCEB0 /* ListCurrenciesCollectionCell.swift in Sources */,
				84DC682828BF68A9006BCEB0 /* NetworkError.swift in Sources */,
				84DC684728C1AB8C006BCEB0 /* CurrencySelectionAssembly.swift in Sources */,
				84DC684028C0BE4C006BCEB0 /* CurrencyEntity+CoreDataProperties.swift in Sources */,
				84DC686E28C98D1D006BCEB0 /* CurrencyConverterView.swift in Sources */,
				84DC67F628BDC7E3006BCEB0 /* SceneDelegate.swift in Sources */,
				84DC683428BF6C44006BCEB0 /* ListCurrenciesInteractor.swift in Sources */,
				84DC681B28BDE80D006BCEB0 /* ListCurrenciesTableCell.swift in Sources */,
				84DC681728BDE209006BCEB0 /* ListCurrenciesPresenter.swift in Sources */,
				84DC680F28BDD11C006BCEB0 /* TabBarAssembly.swift in Sources */,
				84DC684528C1AABF006BCEB0 /* CurrencySelectionPresenter.swift in Sources */,
				84DC682328BE309B006BCEB0 /* CurrencyConverterAssembly.swift in Sources */,
				84DC682A28BF68BE006BCEB0 /* CurrencyDTO.swift in Sources */,
				84DC686A28C98B58006BCEB0 /* CalculatorButtons.swift in Sources */,
				84DC687228C99982006BCEB0 /* Fonts.swift in Sources */,
				84DC682528BE56C3006BCEB0 /* CurrencyConverterTableCell.swift in Sources */,
				84DC683C28C0BD33006BCEB0 /* CurrencyConverter.xcdatamodeld in Sources */,
				84DC681928BDE34D006BCEB0 /* ListCurrenciesAssembly.swift in Sources */,
				84DC683228BF693A006BCEB0 /* NetworkService.swift in Sources */,
				84DC684B28C1B2E0006BCEB0 /* CurrencyConverterRouter.swift in Sources */,
				84DC686728C8E615006BCEB0 /* RequestFavoriteCurrencyModel.swift in Sources */,
				84DC687C28C9A9F8006BCEB0 /* CurrencyConverterCollectionAdapter.swift in Sources */,
				8447512828CDD5EE00FF5C32 /* RequestCurrencyModel.swift in Sources */,
				84DC687928C9A477006BCEB0 /* ListCurrenciesCollectionAdapter.swift in Sources */,
				84DC682128BE3052006BCEB0 /* CurrencyConverterPresenter.swift in Sources */,
				84DC681D28BDEBE5006BCEB0 /* ListCurrencyViewModel.swift in Sources */,
				84DC686028C8C229006BCEB0 /* ListCurrenciesView.swift in Sources */,
				84DC685A28C6F15D006BCEB0 /* CurrencySelectionRouter.swift in Sources */,
			);
			runOnlyForDeploymentPostprocessing = 0;
		};
		84DC688028CAEEE8006BCEB0 /* Sources */ = {
			isa = PBXSourcesBuildPhase;
			buildActionMask = 2147483647;
			files = (
				84DC689228CB0FBA006BCEB0 /* CurrencyConverterUITests.swift in Sources */,
				84DC689028CB0AEA006BCEB0 /* ListCurrenciesUITests.swift in Sources */,
				84DC689428CB2B0F006BCEB0 /* CurrencySelectionUITests.swift in Sources */,
			);
			runOnlyForDeploymentPostprocessing = 0;
		};
/* End PBXSourcesBuildPhase section */

/* Begin PBXTargetDependency section */
		8447512328CC40E600FF5C32 /* PBXTargetDependency */ = {
			isa = PBXTargetDependency;
			target = 84DC67EF28BDC7E3006BCEB0 /* CurrencyConverter */;
			targetProxy = 8447512228CC40E600FF5C32 /* PBXContainerItemProxy */;
		};
		84DC688B28CAEEE8006BCEB0 /* PBXTargetDependency */ = {
			isa = PBXTargetDependency;
			target = 84DC67EF28BDC7E3006BCEB0 /* CurrencyConverter */;
			targetProxy = 84DC688A28CAEEE8006BCEB0 /* PBXContainerItemProxy */;
		};
/* End PBXTargetDependency section */

/* Begin PBXVariantGroup section */
		84DC67FE28BDC7E4006BCEB0 /* LaunchScreen.storyboard */ = {
			isa = PBXVariantGroup;
			children = (
				84DC67FF28BDC7E4006BCEB0 /* Base */,
			);
			name = LaunchScreen.storyboard;
			sourceTree = "<group>";
		};
/* End PBXVariantGroup section */

/* Begin XCBuildConfiguration section */
		8447512528CC40E600FF5C32 /* Debug */ = {
			isa = XCBuildConfiguration;
			buildSettings = {
				BUNDLE_LOADER = "$(TEST_HOST)";
				CODE_SIGN_STYLE = Automatic;
				CURRENT_PROJECT_VERSION = 1;
				DEVELOPMENT_TEAM = PZRD3MXDYZ;
				GENERATE_INFOPLIST_FILE = YES;
				MARKETING_VERSION = 1.0;
				PRODUCT_BUNDLE_IDENTIFIER = testPavel.UnitTests;
				PRODUCT_NAME = "$(TARGET_NAME)";
				SWIFT_EMIT_LOC_STRINGS = NO;
				SWIFT_VERSION = 5.0;
				TARGETED_DEVICE_FAMILY = "1,2";
				TEST_HOST = "$(BUILT_PRODUCTS_DIR)/CurrencyConverter.app/CurrencyConverter";
			};
			name = Debug;
		};
		8447512628CC40E600FF5C32 /* Release */ = {
			isa = XCBuildConfiguration;
			buildSettings = {
				BUNDLE_LOADER = "$(TEST_HOST)";
				CODE_SIGN_STYLE = Automatic;
				CURRENT_PROJECT_VERSION = 1;
				DEVELOPMENT_TEAM = PZRD3MXDYZ;
				GENERATE_INFOPLIST_FILE = YES;
				MARKETING_VERSION = 1.0;
				PRODUCT_BUNDLE_IDENTIFIER = testPavel.UnitTests;
				PRODUCT_NAME = "$(TARGET_NAME)";
				SWIFT_EMIT_LOC_STRINGS = NO;
				SWIFT_VERSION = 5.0;
				TARGETED_DEVICE_FAMILY = "1,2";
				TEST_HOST = "$(BUILT_PRODUCTS_DIR)/CurrencyConverter.app/CurrencyConverter";
			};
			name = Release;
		};
		84DC680228BDC7E4006BCEB0 /* Debug */ = {
			isa = XCBuildConfiguration;
			buildSettings = {
				ALWAYS_SEARCH_USER_PATHS = NO;
				CLANG_ANALYZER_NONNULL = YES;
				CLANG_ANALYZER_NUMBER_OBJECT_CONVERSION = YES_AGGRESSIVE;
				CLANG_CXX_LANGUAGE_STANDARD = "gnu++17";
				CLANG_ENABLE_MODULES = YES;
				CLANG_ENABLE_OBJC_ARC = YES;
				CLANG_ENABLE_OBJC_WEAK = YES;
				CLANG_WARN_BLOCK_CAPTURE_AUTORELEASING = YES;
				CLANG_WARN_BOOL_CONVERSION = YES;
				CLANG_WARN_COMMA = YES;
				CLANG_WARN_CONSTANT_CONVERSION = YES;
				CLANG_WARN_DEPRECATED_OBJC_IMPLEMENTATIONS = YES;
				CLANG_WARN_DIRECT_OBJC_ISA_USAGE = YES_ERROR;
				CLANG_WARN_DOCUMENTATION_COMMENTS = YES;
				CLANG_WARN_EMPTY_BODY = YES;
				CLANG_WARN_ENUM_CONVERSION = YES;
				CLANG_WARN_INFINITE_RECURSION = YES;
				CLANG_WARN_INT_CONVERSION = YES;
				CLANG_WARN_NON_LITERAL_NULL_CONVERSION = YES;
				CLANG_WARN_OBJC_IMPLICIT_RETAIN_SELF = YES;
				CLANG_WARN_OBJC_LITERAL_CONVERSION = YES;
				CLANG_WARN_OBJC_ROOT_CLASS = YES_ERROR;
				CLANG_WARN_QUOTED_INCLUDE_IN_FRAMEWORK_HEADER = YES;
				CLANG_WARN_RANGE_LOOP_ANALYSIS = YES;
				CLANG_WARN_STRICT_PROTOTYPES = YES;
				CLANG_WARN_SUSPICIOUS_MOVE = YES;
				CLANG_WARN_UNGUARDED_AVAILABILITY = YES_AGGRESSIVE;
				CLANG_WARN_UNREACHABLE_CODE = YES;
				CLANG_WARN__DUPLICATE_METHOD_MATCH = YES;
				COPY_PHASE_STRIP = NO;
				DEBUG_INFORMATION_FORMAT = dwarf;
				ENABLE_STRICT_OBJC_MSGSEND = YES;
				ENABLE_TESTABILITY = YES;
				GCC_C_LANGUAGE_STANDARD = gnu11;
				GCC_DYNAMIC_NO_PIC = NO;
				GCC_NO_COMMON_BLOCKS = YES;
				GCC_OPTIMIZATION_LEVEL = 0;
				GCC_PREPROCESSOR_DEFINITIONS = (
					"DEBUG=1",
					"$(inherited)",
				);
				GCC_WARN_64_TO_32_BIT_CONVERSION = YES;
				GCC_WARN_ABOUT_RETURN_TYPE = YES_ERROR;
				GCC_WARN_UNDECLARED_SELECTOR = YES;
				GCC_WARN_UNINITIALIZED_AUTOS = YES_AGGRESSIVE;
				GCC_WARN_UNUSED_FUNCTION = YES;
				GCC_WARN_UNUSED_VARIABLE = YES;
				IPHONEOS_DEPLOYMENT_TARGET = 15.4;
				MTL_ENABLE_DEBUG_INFO = INCLUDE_SOURCE;
				MTL_FAST_MATH = YES;
				ONLY_ACTIVE_ARCH = YES;
				SDKROOT = iphoneos;
				SWIFT_ACTIVE_COMPILATION_CONDITIONS = DEBUG;
				SWIFT_OPTIMIZATION_LEVEL = "-Onone";
			};
			name = Debug;
		};
		84DC680328BDC7E4006BCEB0 /* Release */ = {
			isa = XCBuildConfiguration;
			buildSettings = {
				ALWAYS_SEARCH_USER_PATHS = NO;
				CLANG_ANALYZER_NONNULL = YES;
				CLANG_ANALYZER_NUMBER_OBJECT_CONVERSION = YES_AGGRESSIVE;
				CLANG_CXX_LANGUAGE_STANDARD = "gnu++17";
				CLANG_ENABLE_MODULES = YES;
				CLANG_ENABLE_OBJC_ARC = YES;
				CLANG_ENABLE_OBJC_WEAK = YES;
				CLANG_WARN_BLOCK_CAPTURE_AUTORELEASING = YES;
				CLANG_WARN_BOOL_CONVERSION = YES;
				CLANG_WARN_COMMA = YES;
				CLANG_WARN_CONSTANT_CONVERSION = YES;
				CLANG_WARN_DEPRECATED_OBJC_IMPLEMENTATIONS = YES;
				CLANG_WARN_DIRECT_OBJC_ISA_USAGE = YES_ERROR;
				CLANG_WARN_DOCUMENTATION_COMMENTS = YES;
				CLANG_WARN_EMPTY_BODY = YES;
				CLANG_WARN_ENUM_CONVERSION = YES;
				CLANG_WARN_INFINITE_RECURSION = YES;
				CLANG_WARN_INT_CONVERSION = YES;
				CLANG_WARN_NON_LITERAL_NULL_CONVERSION = YES;
				CLANG_WARN_OBJC_IMPLICIT_RETAIN_SELF = YES;
				CLANG_WARN_OBJC_LITERAL_CONVERSION = YES;
				CLANG_WARN_OBJC_ROOT_CLASS = YES_ERROR;
				CLANG_WARN_QUOTED_INCLUDE_IN_FRAMEWORK_HEADER = YES;
				CLANG_WARN_RANGE_LOOP_ANALYSIS = YES;
				CLANG_WARN_STRICT_PROTOTYPES = YES;
				CLANG_WARN_SUSPICIOUS_MOVE = YES;
				CLANG_WARN_UNGUARDED_AVAILABILITY = YES_AGGRESSIVE;
				CLANG_WARN_UNREACHABLE_CODE = YES;
				CLANG_WARN__DUPLICATE_METHOD_MATCH = YES;
				COPY_PHASE_STRIP = NO;
				DEBUG_INFORMATION_FORMAT = "dwarf-with-dsym";
				ENABLE_NS_ASSERTIONS = NO;
				ENABLE_STRICT_OBJC_MSGSEND = YES;
				GCC_C_LANGUAGE_STANDARD = gnu11;
				GCC_NO_COMMON_BLOCKS = YES;
				GCC_WARN_64_TO_32_BIT_CONVERSION = YES;
				GCC_WARN_ABOUT_RETURN_TYPE = YES_ERROR;
				GCC_WARN_UNDECLARED_SELECTOR = YES;
				GCC_WARN_UNINITIALIZED_AUTOS = YES_AGGRESSIVE;
				GCC_WARN_UNUSED_FUNCTION = YES;
				GCC_WARN_UNUSED_VARIABLE = YES;
				IPHONEOS_DEPLOYMENT_TARGET = 15.4;
				MTL_ENABLE_DEBUG_INFO = NO;
				MTL_FAST_MATH = YES;
				SDKROOT = iphoneos;
				SWIFT_COMPILATION_MODE = wholemodule;
				SWIFT_OPTIMIZATION_LEVEL = "-O";
				VALIDATE_PRODUCT = YES;
			};
			name = Release;
		};
		84DC680528BDC7E4006BCEB0 /* Debug */ = {
			isa = XCBuildConfiguration;
			buildSettings = {
				ASSETCATALOG_COMPILER_APPICON_NAME = AppIcon;
				ASSETCATALOG_COMPILER_GLOBAL_ACCENT_COLOR_NAME = AccentColor;
				CODE_SIGN_STYLE = Automatic;
				CURRENT_PROJECT_VERSION = 1;
				DEVELOPMENT_TEAM = PZRD3MXDYZ;
				GENERATE_INFOPLIST_FILE = YES;
				INFOPLIST_FILE = CurrencyConverter/Resources/Info.plist;
				INFOPLIST_KEY_UIApplicationSupportsIndirectInputEvents = YES;
				INFOPLIST_KEY_UILaunchStoryboardName = LaunchScreen;
				INFOPLIST_KEY_UISupportedInterfaceOrientations = UIInterfaceOrientationPortrait;
				INFOPLIST_KEY_UISupportedInterfaceOrientations_iPad = "UIInterfaceOrientationPortrait UIInterfaceOrientationPortraitUpsideDown UIInterfaceOrientationLandscapeLeft UIInterfaceOrientationLandscapeRight";
				INFOPLIST_KEY_UISupportedInterfaceOrientations_iPhone = "UIInterfaceOrientationPortrait UIInterfaceOrientationLandscapeLeft UIInterfaceOrientationLandscapeRight";
				IPHONEOS_DEPLOYMENT_TARGET = 13.4;
				LD_RUNPATH_SEARCH_PATHS = (
					"$(inherited)",
					"@executable_path/Frameworks",
				);
				MARKETING_VERSION = 1.0;
				PRODUCT_BUNDLE_IDENTIFIER = testPavel.CurrencyConverter;
				PRODUCT_NAME = "$(TARGET_NAME)";
				SWIFT_EMIT_LOC_STRINGS = YES;
				SWIFT_VERSION = 5.0;
				TARGETED_DEVICE_FAMILY = "1,2";
			};
			name = Debug;
		};
		84DC680628BDC7E4006BCEB0 /* Release */ = {
			isa = XCBuildConfiguration;
			buildSettings = {
				ASSETCATALOG_COMPILER_APPICON_NAME = AppIcon;
				ASSETCATALOG_COMPILER_GLOBAL_ACCENT_COLOR_NAME = AccentColor;
				CODE_SIGN_STYLE = Automatic;
				CURRENT_PROJECT_VERSION = 1;
				DEVELOPMENT_TEAM = PZRD3MXDYZ;
				GENERATE_INFOPLIST_FILE = YES;
				INFOPLIST_FILE = CurrencyConverter/Resources/Info.plist;
				INFOPLIST_KEY_UIApplicationSupportsIndirectInputEvents = YES;
				INFOPLIST_KEY_UILaunchStoryboardName = LaunchScreen;
				INFOPLIST_KEY_UISupportedInterfaceOrientations = UIInterfaceOrientationPortrait;
				INFOPLIST_KEY_UISupportedInterfaceOrientations_iPad = "UIInterfaceOrientationPortrait UIInterfaceOrientationPortraitUpsideDown UIInterfaceOrientationLandscapeLeft UIInterfaceOrientationLandscapeRight";
				INFOPLIST_KEY_UISupportedInterfaceOrientations_iPhone = "UIInterfaceOrientationPortrait UIInterfaceOrientationLandscapeLeft UIInterfaceOrientationLandscapeRight";
				IPHONEOS_DEPLOYMENT_TARGET = 13.4;
				LD_RUNPATH_SEARCH_PATHS = (
					"$(inherited)",
					"@executable_path/Frameworks",
				);
				MARKETING_VERSION = 1.0;
				PRODUCT_BUNDLE_IDENTIFIER = testPavel.CurrencyConverter;
				PRODUCT_NAME = "$(TARGET_NAME)";
				SWIFT_EMIT_LOC_STRINGS = YES;
				SWIFT_VERSION = 5.0;
				TARGETED_DEVICE_FAMILY = "1,2";
			};
			name = Release;
		};
		84DC688D28CAEEE8006BCEB0 /* Debug */ = {
			isa = XCBuildConfiguration;
			buildSettings = {
				CODE_SIGN_STYLE = Automatic;
				CURRENT_PROJECT_VERSION = 1;
				DEVELOPMENT_TEAM = PZRD3MXDYZ;
				GENERATE_INFOPLIST_FILE = YES;
				MARKETING_VERSION = 1.0;
				PRODUCT_BUNDLE_IDENTIFIER = testPavel.CurrencyConverterUITests;
				PRODUCT_NAME = "$(TARGET_NAME)";
				SWIFT_EMIT_LOC_STRINGS = NO;
				SWIFT_VERSION = 5.0;
				TARGETED_DEVICE_FAMILY = "1,2";
				TEST_TARGET_NAME = CurrencyConverter;
			};
			name = Debug;
		};
		84DC688E28CAEEE8006BCEB0 /* Release */ = {
			isa = XCBuildConfiguration;
			buildSettings = {
				CODE_SIGN_STYLE = Automatic;
				CURRENT_PROJECT_VERSION = 1;
				DEVELOPMENT_TEAM = PZRD3MXDYZ;
				GENERATE_INFOPLIST_FILE = YES;
				MARKETING_VERSION = 1.0;
				PRODUCT_BUNDLE_IDENTIFIER = testPavel.CurrencyConverterUITests;
				PRODUCT_NAME = "$(TARGET_NAME)";
				SWIFT_EMIT_LOC_STRINGS = NO;
				SWIFT_VERSION = 5.0;
				TARGETED_DEVICE_FAMILY = "1,2";
				TEST_TARGET_NAME = CurrencyConverter;
			};
			name = Release;
		};
/* End XCBuildConfiguration section */

/* Begin XCConfigurationList section */
		8447512428CC40E600FF5C32 /* Build configuration list for PBXNativeTarget "UnitTests" */ = {
			isa = XCConfigurationList;
			buildConfigurations = (
				8447512528CC40E600FF5C32 /* Debug */,
				8447512628CC40E600FF5C32 /* Release */,
			);
			defaultConfigurationIsVisible = 0;
			defaultConfigurationName = Release;
		};
		84DC67EB28BDC7E3006BCEB0 /* Build configuration list for PBXProject "CurrencyConverter" */ = {
			isa = XCConfigurationList;
			buildConfigurations = (
				84DC680228BDC7E4006BCEB0 /* Debug */,
				84DC680328BDC7E4006BCEB0 /* Release */,
			);
			defaultConfigurationIsVisible = 0;
			defaultConfigurationName = Release;
		};
		84DC680428BDC7E4006BCEB0 /* Build configuration list for PBXNativeTarget "CurrencyConverter" */ = {
			isa = XCConfigurationList;
			buildConfigurations = (
				84DC680528BDC7E4006BCEB0 /* Debug */,
				84DC680628BDC7E4006BCEB0 /* Release */,
			);
			defaultConfigurationIsVisible = 0;
			defaultConfigurationName = Release;
		};
		84DC688C28CAEEE8006BCEB0 /* Build configuration list for PBXNativeTarget "CurrencyConverterUITests" */ = {
			isa = XCConfigurationList;
			buildConfigurations = (
				84DC688D28CAEEE8006BCEB0 /* Debug */,
				84DC688E28CAEEE8006BCEB0 /* Release */,
			);
			defaultConfigurationIsVisible = 0;
			defaultConfigurationName = Release;
		};
/* End XCConfigurationList section */

/* Begin XCVersionGroup section */
		84DC683A28C0BD33006BCEB0 /* CurrencyConverter.xcdatamodeld */ = {
			isa = XCVersionGroup;
			children = (
				84DC683B28C0BD33006BCEB0 /* CurrencyConverter.xcdatamodel */,
			);
			currentVersion = 84DC683B28C0BD33006BCEB0 /* CurrencyConverter.xcdatamodel */;
			path = CurrencyConverter.xcdatamodeld;
			sourceTree = "<group>";
			versionGroupType = wrapper.xcdatamodel;
		};
/* End XCVersionGroup section */
	};
	rootObject = 84DC67E828BDC7E3006BCEB0 /* Project object */;
}
